// !$*UTF8*$!
{
	archiveVersion = 1;
	classes = {
	};
	objectVersion = 50;
	objects = {

/* Begin PBXBuildFile section */
		D9EA692625F21E420049A957 /* AppDelegate.m in Sources */ = {isa = PBXBuildFile; fileRef = D9EA692525F21E420049A957 /* AppDelegate.m */; };
		D9EA692925F21E420049A957 /* SceneDelegate.m in Sources */ = {isa = PBXBuildFile; fileRef = D9EA692825F21E420049A957 /* SceneDelegate.m */; };
		D9EA692C25F21E420049A957 /* ViewController.m in Sources */ = {isa = PBXBuildFile; fileRef = D9EA692B25F21E420049A957 /* ViewController.m */; };
		D9EA692F25F21E420049A957 /* Main.storyboard in Resources */ = {isa = PBXBuildFile; fileRef = D9EA692D25F21E420049A957 /* Main.storyboard */; };
		D9EA693125F21E450049A957 /* Assets.xcassets in Resources */ = {isa = PBXBuildFile; fileRef = D9EA693025F21E450049A957 /* Assets.xcassets */; };
		D9EA693425F21E450049A957 /* LaunchScreen.storyboard in Resources */ = {isa = PBXBuildFile; fileRef = D9EA693225F21E450049A957 /* LaunchScreen.storyboard */; };
		D9EA693725F21E450049A957 /* main.m in Sources */ = {isa = PBXBuildFile; fileRef = D9EA693625F21E450049A957 /* main.m */; };
/* End PBXBuildFile section */

/* Begin PBXFileReference section */
		D9EA692125F21E420049A957 /* ClangDemo.app */ = {isa = PBXFileReference; explicitFileType = wrapper.application; includeInIndex = 0; path = ClangDemo.app; sourceTree = BUILT_PRODUCTS_DIR; };
		D9EA692425F21E420049A957 /* AppDelegate.h */ = {isa = PBXFileReference; lastKnownFileType = sourcecode.c.h; path = AppDelegate.h; sourceTree = "<group>"; };
		D9EA692525F21E420049A957 /* AppDelegate.m */ = {isa = PBXFileReference; lastKnownFileType = sourcecode.c.objc; path = AppDelegate.m; sourceTree = "<group>"; };
		D9EA692725F21E420049A957 /* SceneDelegate.h */ = {isa = PBXFileReference; lastKnownFileType = sourcecode.c.h; path = SceneDelegate.h; sourceTree = "<group>"; };
		D9EA692825F21E420049A957 /* SceneDelegate.m */ = {isa = PBXFileReference; lastKnownFileType = sourcecode.c.objc; path = SceneDelegate.m; sourceTree = "<group>"; };
		D9EA692A25F21E420049A957 /* ViewController.h */ = {isa = PBXFileReference; lastKnownFileType = sourcecode.c.h; path = ViewController.h; sourceTree = "<group>"; };
		D9EA692B25F21E420049A957 /* ViewController.m */ = {isa = PBXFileReference; lastKnownFileType = sourcecode.c.objc; path = ViewController.m; sourceTree = "<group>"; };
		D9EA692E25F21E420049A957 /* Base */ = {isa = PBXFileReference; lastKnownFileType = file.storyboard; name = Base; path = Base.lproj/Main.storyboard; sourceTree = "<group>"; };
		D9EA693025F21E450049A957 /* Assets.xcassets */ = {isa = PBXFileReference; lastKnownFileType = folder.assetcatalog; path = Assets.xcassets; sourceTree = "<group>"; };
		D9EA693325F21E450049A957 /* Base */ = {isa = PBXFileReference; lastKnownFileType = file.storyboard; name = Base; path = Base.lproj/LaunchScreen.storyboard; sourceTree = "<group>"; };
		D9EA693525F21E450049A957 /* Info.plist */ = {isa = PBXFileReference; lastKnownFileType = text.plist.xml; path = Info.plist; sourceTree = "<group>"; };
		D9EA693625F21E450049A957 /* main.m */ = {isa = PBXFileReference; lastKnownFileType = sourcecode.c.objc; path = main.m; sourceTree = "<group>"; };
/* End PBXFileReference section */

/* Begin PBXFrameworksBuildPhase section */
		D9EA691E25F21E420049A957 /* Frameworks */ = {
			isa = PBXFrameworksBuildPhase;
			buildActionMask = 2147483647;
			files = (
			);
			runOnlyForDeploymentPostprocessing = 0;
		};
/* End PBXFrameworksBuildPhase section */

/* Begin PBXGroup section */
		D9EA691825F21E420049A957 = {
			isa = PBXGroup;
			children = (
				D9EA692325F21E420049A957 /* ClangDemo */,
				D9EA692225F21E420049A957 /* Products */,
			);
			sourceTree = "<group>";
		};
		D9EA692225F21E420049A957 /* Products */ = {
			isa = PBXGroup;
			children = (
				D9EA692125F21E420049A957 /* ClangDemo.app */,
			);
			name = Products;
			sourceTree = "<group>";
		};
		D9EA692325F21E420049A957 /* ClangDemo */ = {
			isa = PBXGroup;
			children = (
				D9EA692425F21E420049A957 /* AppDelegate.h */,
				D9EA692525F21E420049A957 /* AppDelegate.m */,
				D9EA692725F21E420049A957 /* SceneDelegate.h */,
				D9EA692825F21E420049A957 /* SceneDelegate.m */,
				D9EA692A25F21E420049A957 /* ViewController.h */,
				D9EA692B25F21E420049A957 /* ViewController.m */,
				D9EA692D25F21E420049A957 /* Main.storyboard */,
				D9EA693025F21E450049A957 /* Assets.xcassets */,
				D9EA693225F21E450049A957 /* LaunchScreen.storyboard */,
				D9EA693525F21E450049A957 /* Info.plist */,
				D9EA693625F21E450049A957 /* main.m */,
			);
			path = ClangDemo;
			sourceTree = "<group>";
		};
/* End PBXGroup section */

/* Begin PBXNativeTarget section */
		D9EA692025F21E420049A957 /* ClangDemo */ = {
			isa = PBXNativeTarget;
			buildConfigurationList = D9EA693A25F21E450049A957 /* Build configuration list for PBXNativeTarget "ClangDemo" */;
			buildPhases = (
				D9EA691D25F21E420049A957 /* Sources */,
				D9EA691E25F21E420049A957 /* Frameworks */,
				D9EA691F25F21E420049A957 /* Resources */,
			);
			buildRules = (
			);
			dependencies = (
			);
			name = ClangDemo;
			productName = ClangDemo;
			productReference = D9EA692125F21E420049A957 /* ClangDemo.app */;
			productType = "com.apple.product-type.application";
		};
/* End PBXNativeTarget section */

/* Begin PBXProject section */
		D9EA691925F21E420049A957 /* Project object */ = {
			isa = PBXProject;
			attributes = {
				LastUpgradeCheck = 1240;
				TargetAttributes = {
					D9EA692025F21E420049A957 = {
						CreatedOnToolsVersion = 12.4;
					};
				};
			};
			buildConfigurationList = D9EA691C25F21E420049A957 /* Build configuration list for PBXProject "ClangDemo" */;
			compatibilityVersion = "Xcode 9.3";
			developmentRegion = en;
			hasScannedForEncodings = 0;
			knownRegions = (
				en,
				Base,
			);
			mainGroup = D9EA691825F21E420049A957;
			productRefGroup = D9EA692225F21E420049A957 /* Products */;
			projectDirPath = "";
			projectRoot = "";
			targets = (
				D9EA692025F21E420049A957 /* ClangDemo */,
			);
		};
/* End PBXProject section */

/* Begin PBXResourcesBuildPhase section */
		D9EA691F25F21E420049A957 /* Resources */ = {
			isa = PBXResourcesBuildPhase;
			buildActionMask = 2147483647;
			files = (
				D9EA693425F21E450049A957 /* LaunchScreen.storyboard in Resources */,
				D9EA693125F21E450049A957 /* Assets.xcassets in Resources */,
				D9EA692F25F21E420049A957 /* Main.storyboard in Resources */,
			);
			runOnlyForDeploymentPostprocessing = 0;
		};
/* End PBXResourcesBuildPhase section */

/* Begin PBXSourcesBuildPhase section */
		D9EA691D25F21E420049A957 /* Sources */ = {
			isa = PBXSourcesBuildPhase;
			buildActionMask = 2147483647;
			files = (
				D9EA692C25F21E420049A957 /* ViewController.m in Sources */,
				D9EA692625F21E420049A957 /* AppDelegate.m in Sources */,
				D9EA693725F21E450049A957 /* main.m in Sources */,
				D9EA692925F21E420049A957 /* SceneDelegate.m in Sources */,
			);
			runOnlyForDeploymentPostprocessing = 0;
		};
/* End PBXSourcesBuildPhase section */

/* Begin PBXVariantGroup section */
		D9EA692D25F21E420049A957 /* Main.storyboard */ = {
			isa = PBXVariantGroup;
			children = (
				D9EA692E25F21E420049A957 /* Base */,
			);
			name = Main.storyboard;
			sourceTree = "<group>";
		};
		D9EA693225F21E450049A957 /* LaunchScreen.storyboard */ = {
			isa = PBXVariantGroup;
			children = (
				D9EA693325F21E450049A957 /* Base */,
			);
			name = LaunchScreen.storyboard;
			sourceTree = "<group>";
		};
/* End PBXVariantGroup section */

/* Begin XCBuildConfiguration section */
		D9EA693825F21E450049A957 /* Debug */ = {
			isa = XCBuildConfiguration;
			buildSettings = {
				ALWAYS_SEARCH_USER_PATHS = NO;
				CLANG_ANALYZER_NONNULL = YES;
				CLANG_ANALYZER_NUMBER_OBJECT_CONVERSION = YES_AGGRESSIVE;
				CLANG_CXX_LANGUAGE_STANDARD = "gnu++14";
				CLANG_CXX_LIBRARY = "libc++";
				CLANG_ENABLE_MODULES = YES;
				CLANG_ENABLE_OBJC_ARC = YES;
				CLANG_ENABLE_OBJC_WEAK = YES;
				CLANG_WARN_BLOCK_CAPTURE_AUTORELEASING = YES;
				CLANG_WARN_BOOL_CONVERSION = YES;
				CLANG_WARN_COMMA = YES;
				CLANG_WARN_CONSTANT_CONVERSION = YES;
				CLANG_WARN_DEPRECATED_OBJC_IMPLEMENTATIONS = YES;
				CLANG_WARN_DIRECT_OBJC_ISA_USAGE = YES_ERROR;
				CLANG_WARN_DOCUMENTATION_COMMENTS = YES;
				CLANG_WARN_EMPTY_BODY = YES;
				CLANG_WARN_ENUM_CONVERSION = YES;
				CLANG_WARN_INFINITE_RECURSION = YES;
				CLANG_WARN_INT_CONVERSION = YES;
				CLANG_WARN_NON_LITERAL_NULL_CONVERSION = YES;
				CLANG_WARN_OBJC_IMPLICIT_RETAIN_SELF = YES;
				CLANG_WARN_OBJC_LITERAL_CONVERSION = YES;
				CLANG_WARN_OBJC_ROOT_CLASS = YES_ERROR;
				CLANG_WARN_QUOTED_INCLUDE_IN_FRAMEWORK_HEADER = YES;
				CLANG_WARN_RANGE_LOOP_ANALYSIS = YES;
				CLANG_WARN_STRICT_PROTOTYPES = YES;
				CLANG_WARN_SUSPICIOUS_MOVE = YES;
				CLANG_WARN_UNGUARDED_AVAILABILITY = YES_AGGRESSIVE;
				CLANG_WARN_UNREACHABLE_CODE = YES;
				CLANG_WARN__DUPLICATE_METHOD_MATCH = YES;
				COPY_PHASE_STRIP = NO;
				DEBUG_INFORMATION_FORMAT = dwarf;
				ENABLE_STRICT_OBJC_MSGSEND = YES;
				ENABLE_TESTABILITY = YES;
				GCC_C_LANGUAGE_STANDARD = gnu11;
				GCC_DYNAMIC_NO_PIC = NO;
				GCC_NO_COMMON_BLOCKS = YES;
				GCC_OPTIMIZATION_LEVEL = 0;
				GCC_PREPROCESSOR_DEFINITIONS = (
					"DEBUG=1",
					"$(inherited)",
				);
				GCC_WARN_64_TO_32_BIT_CONVERSION = YES;
				GCC_WARN_ABOUT_RETURN_TYPE = YES_ERROR;
				GCC_WARN_UNDECLARED_SELECTOR = YES;
				GCC_WARN_UNINITIALIZED_AUTOS = YES_AGGRESSIVE;
				GCC_WARN_UNUSED_FUNCTION = YES;
				GCC_WARN_UNUSED_VARIABLE = YES;
				IPHONEOS_DEPLOYMENT_TARGET = 14.4;
				MTL_ENABLE_DEBUG_INFO = INCLUDE_SOURCE;
				MTL_FAST_MATH = YES;
				ONLY_ACTIVE_ARCH = YES;
				SDKROOT = iphoneos;
			};
			name = Debug;
		};
		D9EA693925F21E450049A957 /* Release */ = {
			isa = XCBuildConfiguration;
			buildSettings = {
				ALWAYS_SEARCH_USER_PATHS = NO;
				CLANG_ANALYZER_NONNULL = YES;
				CLANG_ANALYZER_NUMBER_OBJECT_CONVERSION = YES_AGGRESSIVE;
				CLANG_CXX_LANGUAGE_STANDARD = "gnu++14";
				CLANG_CXX_LIBRARY = "libc++";
				CLANG_ENABLE_MODULES = YES;
				CLANG_ENABLE_OBJC_ARC = YES;
				CLANG_ENABLE_OBJC_WEAK = YES;
				CLANG_WARN_BLOCK_CAPTURE_AUTORELEASING = YES;
				CLANG_WARN_BOOL_CONVERSION = YES;
				CLANG_WARN_COMMA = YES;
				CLANG_WARN_CONSTANT_CONVERSION = YES;
				CLANG_WARN_DEPRECATED_OBJC_IMPLEMENTATIONS = YES;
				CLANG_WARN_DIRECT_OBJC_ISA_USAGE = YES_ERROR;
				CLANG_WARN_DOCUMENTATION_COMMENTS = YES;
				CLANG_WARN_EMPTY_BODY = YES;
				CLANG_WARN_ENUM_CONVERSION = YES;
				CLANG_WARN_INFINITE_RECURSION = YES;
				CLANG_WARN_INT_CONVERSION = YES;
				CLANG_WARN_NON_LITERAL_NULL_CONVERSION = YES;
				CLANG_WARN_OBJC_IMPLICIT_RETAIN_SELF = YES;
				CLANG_WARN_OBJC_LITERAL_CONVERSION = YES;
				CLANG_WARN_OBJC_ROOT_CLASS = YES_ERROR;
				CLANG_WARN_QUOTED_INCLUDE_IN_FRAMEWORK_HEADER = YES;
				CLANG_WARN_RANGE_LOOP_ANALYSIS = YES;
				CLANG_WARN_STRICT_PROTOTYPES = YES;
				CLANG_WARN_SUSPICIOUS_MOVE = YES;
				CLANG_WARN_UNGUARDED_AVAILABILITY = YES_AGGRESSIVE;
				CLANG_WARN_UNREACHABLE_CODE = YES;
				CLANG_WARN__DUPLICATE_METHOD_MATCH = YES;
				COPY_PHASE_STRIP = NO;
				DEBUG_INFORMATION_FORMAT = "dwarf-with-dsym";
				ENABLE_NS_ASSERTIONS = NO;
				ENABLE_STRICT_OBJC_MSGSEND = YES;
				GCC_C_LANGUAGE_STANDARD = gnu11;
				GCC_NO_COMMON_BLOCKS = YES;
				GCC_WARN_64_TO_32_BIT_CONVERSION = YES;
				GCC_WARN_ABOUT_RETURN_TYPE = YES_ERROR;
				GCC_WARN_UNDECLARED_SELECTOR = YES;
				GCC_WARN_UNINITIALIZED_AUTOS = YES_AGGRESSIVE;
				GCC_WARN_UNUSED_FUNCTION = YES;
				GCC_WARN_UNUSED_VARIABLE = YES;
				IPHONEOS_DEPLOYMENT_TARGET = 14.4;
				MTL_ENABLE_DEBUG_INFO = NO;
				MTL_FAST_MATH = YES;
				SDKROOT = iphoneos;
				VALIDATE_PRODUCT = YES;
			};
			name = Release;
		};
		D9EA693B25F21E450049A957 /* Debug */ = {
			isa = XCBuildConfiguration;
			buildSettings = {
				ASSETCATALOG_COMPILER_APPICON_NAME = AppIcon;
				ASSETCATALOG_COMPILER_GLOBAL_ACCENT_COLOR_NAME = AccentColor;
				CC = "/Users/changjiang/Desktop/iOS之武功秘籍\\ ⑰：Clang插件开发/build/Debug/bin/clang";
				CODE_SIGN_STYLE = Automatic;
				COMPILER_INDEX_STORE_ENABLE = NO;
				CXX = "/Users/changjiang/Desktop/iOS之武功秘籍\\ ⑰：Clang插件开发/build/Debug/bin/clang++";
				INFOPLIST_FILE = ClangDemo/Info.plist;
				LD_RUNPATH_SEARCH_PATHS = (
					"$(inherited)",
					"@executable_path/Frameworks",
				);
				OTHER_CFLAGS = (
					"-Xclang",
					"-load",
					"-Xclang",
					"/Users/changjiang/Desktop/iOS之武功秘籍\\ ⑰：Clang插件开发/build/Debug/lib/CJPlugin.dylib",
					"-Xclang",
					"-add-plugin",
					"-Xclang",
					CJPlugin,
				);
				PRODUCT_BUNDLE_IDENTIFIER = com.Tcj88.ClangDemo;
				PRODUCT_NAME = "$(TARGET_NAME)";
				TARGETED_DEVICE_FAMILY = "1,2";
			};
			name = Debug;
		};
		D9EA693C25F21E450049A957 /* Release */ = {
			isa = XCBuildConfiguration;
			buildSettings = {
				ASSETCATALOG_COMPILER_APPICON_NAME = AppIcon;
				ASSETCATALOG_COMPILER_GLOBAL_ACCENT_COLOR_NAME = AccentColor;
				CC = "/Users/changjiang/Desktop/iOS之武功秘籍\\ ⑰：Clang插件开发/build/Debug/bin/clang";
				CODE_SIGN_STYLE = Automatic;
				COMPILER_INDEX_STORE_ENABLE = NO;
				CXX = "/Users/changjiang/Desktop/iOS之武功秘籍\\ ⑰：Clang插件开发/build/Debug/bin/clang++";
				INFOPLIST_FILE = ClangDemo/Info.plist;
				LD_RUNPATH_SEARCH_PATHS = (
					"$(inherited)",
					"@executable_path/Frameworks",
				);
				OTHER_CFLAGS = (
					"-Xclang",
					"-load",
					"-Xclang",
					"/Users/changjiang/Desktop/iOS之武功秘籍\\ ⑰：Clang插件开发/build/Debug/lib/CJPlugin.dylib",
					"-Xclang",
					"-add-plugin",
					"-Xclang",
					CJPlugin,
				);
				PRODUCT_BUNDLE_IDENTIFIER = com.Tcj88.ClangDemo;
				PRODUCT_NAME = "$(TARGET_NAME)";
				TARGETED_DEVICE_FAMILY = "1,2";
			};
			name = Release;
		};
/* End XCBuildConfiguration section */

/* Begin XCConfigurationList section */
		D9EA691C25F21E420049A957 /* Build configuration list for PBXProject "ClangDemo" */ = {
			isa = XCConfigurationList;
			buildConfigurations = (
				D9EA693825F21E450049A957 /* Debug */,
				D9EA693925F21E450049A957 /* Release */,
			);
			defaultConfigurationIsVisible = 0;
			defaultConfigurationName = Release;
		};
		D9EA693A25F21E450049A957 /* Build configuration list for PBXNativeTarget "ClangDemo" */ = {
			isa = XCConfigurationList;
			buildConfigurations = (
				D9EA693B25F21E450049A957 /* Debug */,
				D9EA693C25F21E450049A957 /* Release */,
			);
			defaultConfigurationIsVisible = 0;
			defaultConfigurationName = Release;
		};
/* End XCConfigurationList section */
	};
	rootObject = D9EA691925F21E420049A957 /* Project object */;
}
