// !$*UTF8*$!
{
	archiveVersion = 1;
	classes = {
	};
	objectVersion = 50;
	objects = {

/* Begin PBXBuildFile section */
		D910A70825ED879B00023271 /* TCJProxy.m in Sources */ = {isa = PBXBuildFile; fileRef = D910A70725ED879B00023271 /* TCJProxy.m */; };
		D910A70D25ED92DE00023271 /* RootViewController.m in Sources */ = {isa = PBXBuildFile; fileRef = D910A70C25ED92DE00023271 /* RootViewController.m */; };
		D910A71125ED930000023271 /* PushViewController.m in Sources */ = {isa = PBXBuildFile; fileRef = D910A71025ED930000023271 /* PushViewController.m */; };
		D964336025ED6F4200630510 /* AppDelegate.m in Sources */ = {isa = PBXBuildFile; fileRef = D964335F25ED6F4200630510 /* AppDelegate.m */; };
		D964336325ED6F4200630510 /* SceneDelegate.m in Sources */ = {isa = PBXBuildFile; fileRef = D964336225ED6F4200630510 /* SceneDelegate.m */; };
		D964336625ED6F4200630510 /* ViewController.m in Sources */ = {isa = PBXBuildFile; fileRef = D964336525ED6F4200630510 /* ViewController.m */; };
		D964336925ED6F4200630510 /* Main.storyboard in Resources */ = {isa = PBXBuildFile; fileRef = D964336725ED6F4200630510 /* Main.storyboard */; };
		D964336B25ED6F4400630510 /* Assets.xcassets in Resources */ = {isa = PBXBuildFile; fileRef = D964336A25ED6F4400630510 /* Assets.xcassets */; };
		D964336E25ED6F4400630510 /* LaunchScreen.storyboard in Resources */ = {isa = PBXBuildFile; fileRef = D964336C25ED6F4400630510 /* LaunchScreen.storyboard */; };
		D964337125ED6F4400630510 /* main.m in Sources */ = {isa = PBXBuildFile; fileRef = D964337025ED6F4400630510 /* main.m */; };
/* End PBXBuildFile section */

/* Begin PBXFileReference section */
		D910A70625ED879A00023271 /* TCJProxy.h */ = {isa = PBXFileReference; fileEncoding = 4; lastKnownFileType = sourcecode.c.h; path = TCJProxy.h; sourceTree = "<group>"; };
		D910A70725ED879B00023271 /* TCJProxy.m */ = {isa = PBXFileReference; fileEncoding = 4; lastKnownFileType = sourcecode.c.objc; path = TCJProxy.m; sourceTree = "<group>"; };
		D910A70B25ED92DE00023271 /* RootViewController.h */ = {isa = PBXFileReference; lastKnownFileType = sourcecode.c.h; path = RootViewController.h; sourceTree = "<group>"; };
		D910A70C25ED92DE00023271 /* RootViewController.m */ = {isa = PBXFileReference; lastKnownFileType = sourcecode.c.objc; path = RootViewController.m; sourceTree = "<group>"; };
		D910A70F25ED930000023271 /* PushViewController.h */ = {isa = PBXFileReference; lastKnownFileType = sourcecode.c.h; path = PushViewController.h; sourceTree = "<group>"; };
		D910A71025ED930000023271 /* PushViewController.m */ = {isa = PBXFileReference; lastKnownFileType = sourcecode.c.objc; path = PushViewController.m; sourceTree = "<group>"; };
		D964335B25ED6F4200630510 /* ② - Block循环引用.app */ = {isa = PBXFileReference; explicitFileType = wrapper.application; includeInIndex = 0; path = "② - Block循环引用.app"; sourceTree = BUILT_PRODUCTS_DIR; };
		D964335E25ED6F4200630510 /* AppDelegate.h */ = {isa = PBXFileReference; lastKnownFileType = sourcecode.c.h; path = AppDelegate.h; sourceTree = "<group>"; };
		D964335F25ED6F4200630510 /* AppDelegate.m */ = {isa = PBXFileReference; lastKnownFileType = sourcecode.c.objc; path = AppDelegate.m; sourceTree = "<group>"; };
		D964336125ED6F4200630510 /* SceneDelegate.h */ = {isa = PBXFileReference; lastKnownFileType = sourcecode.c.h; path = SceneDelegate.h; sourceTree = "<group>"; };
		D964336225ED6F4200630510 /* SceneDelegate.m */ = {isa = PBXFileReference; lastKnownFileType = sourcecode.c.objc; path = SceneDelegate.m; sourceTree = "<group>"; };
		D964336425ED6F4200630510 /* ViewController.h */ = {isa = PBXFileReference; lastKnownFileType = sourcecode.c.h; path = ViewController.h; sourceTree = "<group>"; };
		D964336525ED6F4200630510 /* ViewController.m */ = {isa = PBXFileReference; lastKnownFileType = sourcecode.c.objc; path = ViewController.m; sourceTree = "<group>"; };
		D964336825ED6F4200630510 /* Base */ = {isa = PBXFileReference; lastKnownFileType = file.storyboard; name = Base; path = Base.lproj/Main.storyboard; sourceTree = "<group>"; };
		D964336A25ED6F4400630510 /* Assets.xcassets */ = {isa = PBXFileReference; lastKnownFileType = folder.assetcatalog; path = Assets.xcassets; sourceTree = "<group>"; };
		D964336D25ED6F4400630510 /* Base */ = {isa = PBXFileReference; lastKnownFileType = file.storyboard; name = Base; path = Base.lproj/LaunchScreen.storyboard; sourceTree = "<group>"; };
		D964336F25ED6F4400630510 /* Info.plist */ = {isa = PBXFileReference; lastKnownFileType = text.plist.xml; path = Info.plist; sourceTree = "<group>"; };
		D964337025ED6F4400630510 /* main.m */ = {isa = PBXFileReference; lastKnownFileType = sourcecode.c.objc; path = main.m; sourceTree = "<group>"; };
/* End PBXFileReference section */

/* Begin PBXFrameworksBuildPhase section */
		D964335825ED6F4200630510 /* Frameworks */ = {
			isa = PBXFrameworksBuildPhase;
			buildActionMask = 2147483647;
			files = (
			);
			runOnlyForDeploymentPostprocessing = 0;
		};
/* End PBXFrameworksBuildPhase section */

/* Begin PBXGroup section */
		D964335225ED6F4200630510 = {
			isa = PBXGroup;
			children = (
				D964335D25ED6F4200630510 /* ② - Block循环引用 */,
				D964335C25ED6F4200630510 /* Products */,
			);
			sourceTree = "<group>";
		};
		D964335C25ED6F4200630510 /* Products */ = {
			isa = PBXGroup;
			children = (
				D964335B25ED6F4200630510 /* ② - Block循环引用.app */,
			);
			name = Products;
			sourceTree = "<group>";
		};
		D964335D25ED6F4200630510 /* ② - Block循环引用 */ = {
			isa = PBXGroup;
			children = (
				D964335E25ED6F4200630510 /* AppDelegate.h */,
				D964335F25ED6F4200630510 /* AppDelegate.m */,
				D964336125ED6F4200630510 /* SceneDelegate.h */,
				D964336225ED6F4200630510 /* SceneDelegate.m */,
				D910A70B25ED92DE00023271 /* RootViewController.h */,
				D910A70C25ED92DE00023271 /* RootViewController.m */,
				D910A70F25ED930000023271 /* PushViewController.h */,
				D910A71025ED930000023271 /* PushViewController.m */,
				D964336425ED6F4200630510 /* ViewController.h */,
				D964336525ED6F4200630510 /* ViewController.m */,
				D910A70625ED879A00023271 /* TCJProxy.h */,
				D910A70725ED879B00023271 /* TCJProxy.m */,
				D964336725ED6F4200630510 /* Main.storyboard */,
				D964336A25ED6F4400630510 /* Assets.xcassets */,
				D964336C25ED6F4400630510 /* LaunchScreen.storyboard */,
				D964336F25ED6F4400630510 /* Info.plist */,
				D964337025ED6F4400630510 /* main.m */,
			);
			path = "② - Block循环引用";
			sourceTree = "<group>";
		};
/* End PBXGroup section */

/* Begin PBXNativeTarget section */
		D964335A25ED6F4200630510 /* ② - Block循环引用 */ = {
			isa = PBXNativeTarget;
			buildConfigurationList = D964337425ED6F4400630510 /* Build configuration list for PBXNativeTarget "② - Block循环引用" */;
			buildPhases = (
				D964335725ED6F4200630510 /* Sources */,
				D964335825ED6F4200630510 /* Frameworks */,
				D964335925ED6F4200630510 /* Resources */,
			);
			buildRules = (
			);
			dependencies = (
			);
			name = "② - Block循环引用";
			productName = "② - Block循环引用";
			productReference = D964335B25ED6F4200630510 /* ② - Block循环引用.app */;
			productType = "com.apple.product-type.application";
		};
/* End PBXNativeTarget section */

/* Begin PBXProject section */
		D964335325ED6F4200630510 /* Project object */ = {
			isa = PBXProject;
			attributes = {
				LastUpgradeCheck = 1240;
				TargetAttributes = {
					D964335A25ED6F4200630510 = {
						CreatedOnToolsVersion = 12.4;
					};
				};
			};
			buildConfigurationList = D964335625ED6F4200630510 /* Build configuration list for PBXProject "② - Block循环引用" */;
			compatibilityVersion = "Xcode 9.3";
			developmentRegion = en;
			hasScannedForEncodings = 0;
			knownRegions = (
				en,
				Base,
			);
			mainGroup = D964335225ED6F4200630510;
			productRefGroup = D964335C25ED6F4200630510 /* Products */;
			projectDirPath = "";
			projectRoot = "";
			targets = (
				D964335A25ED6F4200630510 /* ② - Block循环引用 */,
			);
		};
/* End PBXProject section */

/* Begin PBXResourcesBuildPhase section */
		D964335925ED6F4200630510 /* Resources */ = {
			isa = PBXResourcesBuildPhase;
			buildActionMask = 2147483647;
			files = (
				D964336E25ED6F4400630510 /* LaunchScreen.storyboard in Resources */,
				D964336B25ED6F4400630510 /* Assets.xcassets in Resources */,
				D964336925ED6F4200630510 /* Main.storyboard in Resources */,
			);
			runOnlyForDeploymentPostprocessing = 0;
		};
/* End PBXResourcesBuildPhase section */

/* Begin PBXSourcesBuildPhase section */
		D964335725ED6F4200630510 /* Sources */ = {
			isa = PBXSourcesBuildPhase;
			buildActionMask = 2147483647;
			files = (
				D964336625ED6F4200630510 /* ViewController.m in Sources */,
				D910A70825ED879B00023271 /* TCJProxy.m in Sources */,
				D910A70D25ED92DE00023271 /* RootViewController.m in Sources */,
				D964336025ED6F4200630510 /* AppDelegate.m in Sources */,
				D964337125ED6F4400630510 /* main.m in Sources */,
				D910A71125ED930000023271 /* PushViewController.m in Sources */,
				D964336325ED6F4200630510 /* SceneDelegate.m in Sources */,
			);
			runOnlyForDeploymentPostprocessing = 0;
		};
/* End PBXSourcesBuildPhase section */

/* Begin PBXVariantGroup section */
		D964336725ED6F4200630510 /* Main.storyboard */ = {
			isa = PBXVariantGroup;
			children = (
				D964336825ED6F4200630510 /* Base */,
			);
			name = Main.storyboard;
			sourceTree = "<group>";
		};
		D964336C25ED6F4400630510 /* LaunchScreen.storyboard */ = {
			isa = PBXVariantGroup;
			children = (
				D964336D25ED6F4400630510 /* Base */,
			);
			name = LaunchScreen.storyboard;
			sourceTree = "<group>";
		};
/* End PBXVariantGroup section */

/* Begin XCBuildConfiguration section */
		D964337225ED6F4400630510 /* Debug */ = {
			isa = XCBuildConfiguration;
			buildSettings = {
				ALWAYS_SEARCH_USER_PATHS = NO;
				CLANG_ANALYZER_NONNULL = YES;
				CLANG_ANALYZER_NUMBER_OBJECT_CONVERSION = YES_AGGRESSIVE;
				CLANG_CXX_LANGUAGE_STANDARD = "gnu++14";
				CLANG_CXX_LIBRARY = "libc++";
				CLANG_ENABLE_MODULES = YES;
				CLANG_ENABLE_OBJC_ARC = YES;
				CLANG_ENABLE_OBJC_WEAK = YES;
				CLANG_WARN_BLOCK_CAPTURE_AUTORELEASING = YES;
				CLANG_WARN_BOOL_CONVERSION = YES;
				CLANG_WARN_COMMA = YES;
				CLANG_WARN_CONSTANT_CONVERSION = YES;
				CLANG_WARN_DEPRECATED_OBJC_IMPLEMENTATIONS = YES;
				CLANG_WARN_DIRECT_OBJC_ISA_USAGE = YES_ERROR;
				CLANG_WARN_DOCUMENTATION_COMMENTS = YES;
				CLANG_WARN_EMPTY_BODY = YES;
				CLANG_WARN_ENUM_CONVERSION = YES;
				CLANG_WARN_INFINITE_RECURSION = YES;
				CLANG_WARN_INT_CONVERSION = YES;
				CLANG_WARN_NON_LITERAL_NULL_CONVERSION = YES;
				CLANG_WARN_OBJC_IMPLICIT_RETAIN_SELF = YES;
				CLANG_WARN_OBJC_LITERAL_CONVERSION = YES;
				CLANG_WARN_OBJC_ROOT_CLASS = YES_ERROR;
				CLANG_WARN_QUOTED_INCLUDE_IN_FRAMEWORK_HEADER = YES;
				CLANG_WARN_RANGE_LOOP_ANALYSIS = YES;
				CLANG_WARN_STRICT_PROTOTYPES = YES;
				CLANG_WARN_SUSPICIOUS_MOVE = YES;
				CLANG_WARN_UNGUARDED_AVAILABILITY = YES_AGGRESSIVE;
				CLANG_WARN_UNREACHABLE_CODE = YES;
				CLANG_WARN__DUPLICATE_METHOD_MATCH = YES;
				COPY_PHASE_STRIP = NO;
				DEBUG_INFORMATION_FORMAT = dwarf;
				ENABLE_STRICT_OBJC_MSGSEND = YES;
				ENABLE_TESTABILITY = YES;
				GCC_C_LANGUAGE_STANDARD = gnu11;
				GCC_DYNAMIC_NO_PIC = NO;
				GCC_NO_COMMON_BLOCKS = YES;
				GCC_OPTIMIZATION_LEVEL = 0;
				GCC_PREPROCESSOR_DEFINITIONS = (
					"DEBUG=1",
					"$(inherited)",
				);
				GCC_WARN_64_TO_32_BIT_CONVERSION = YES;
				GCC_WARN_ABOUT_RETURN_TYPE = YES_ERROR;
				GCC_WARN_UNDECLARED_SELECTOR = YES;
				GCC_WARN_UNINITIALIZED_AUTOS = YES_AGGRESSIVE;
				GCC_WARN_UNUSED_FUNCTION = YES;
				GCC_WARN_UNUSED_VARIABLE = YES;
				IPHONEOS_DEPLOYMENT_TARGET = 14.4;
				MTL_ENABLE_DEBUG_INFO = INCLUDE_SOURCE;
				MTL_FAST_MATH = YES;
				ONLY_ACTIVE_ARCH = YES;
				SDKROOT = iphoneos;
			};
			name = Debug;
		};
		D964337325ED6F4400630510 /* Release */ = {
			isa = XCBuildConfiguration;
			buildSettings = {
				ALWAYS_SEARCH_USER_PATHS = NO;
				CLANG_ANALYZER_NONNULL = YES;
				CLANG_ANALYZER_NUMBER_OBJECT_CONVERSION = YES_AGGRESSIVE;
				CLANG_CXX_LANGUAGE_STANDARD = "gnu++14";
				CLANG_CXX_LIBRARY = "libc++";
				CLANG_ENABLE_MODULES = YES;
				CLANG_ENABLE_OBJC_ARC = YES;
				CLANG_ENABLE_OBJC_WEAK = YES;
				CLANG_WARN_BLOCK_CAPTURE_AUTORELEASING = YES;
				CLANG_WARN_BOOL_CONVERSION = YES;
				CLANG_WARN_COMMA = YES;
				CLANG_WARN_CONSTANT_CONVERSION = YES;
				CLANG_WARN_DEPRECATED_OBJC_IMPLEMENTATIONS = YES;
				CLANG_WARN_DIRECT_OBJC_ISA_USAGE = YES_ERROR;
				CLANG_WARN_DOCUMENTATION_COMMENTS = YES;
				CLANG_WARN_EMPTY_BODY = YES;
				CLANG_WARN_ENUM_CONVERSION = YES;
				CLANG_WARN_INFINITE_RECURSION = YES;
				CLANG_WARN_INT_CONVERSION = YES;
				CLANG_WARN_NON_LITERAL_NULL_CONVERSION = YES;
				CLANG_WARN_OBJC_IMPLICIT_RETAIN_SELF = YES;
				CLANG_WARN_OBJC_LITERAL_CONVERSION = YES;
				CLANG_WARN_OBJC_ROOT_CLASS = YES_ERROR;
				CLANG_WARN_QUOTED_INCLUDE_IN_FRAMEWORK_HEADER = YES;
				CLANG_WARN_RANGE_LOOP_ANALYSIS = YES;
				CLANG_WARN_STRICT_PROTOTYPES = YES;
				CLANG_WARN_SUSPICIOUS_MOVE = YES;
				CLANG_WARN_UNGUARDED_AVAILABILITY = YES_AGGRESSIVE;
				CLANG_WARN_UNREACHABLE_CODE = YES;
				CLANG_WARN__DUPLICATE_METHOD_MATCH = YES;
				COPY_PHASE_STRIP = NO;
				DEBUG_INFORMATION_FORMAT = "dwarf-with-dsym";
				ENABLE_NS_ASSERTIONS = NO;
				ENABLE_STRICT_OBJC_MSGSEND = YES;
				GCC_C_LANGUAGE_STANDARD = gnu11;
				GCC_NO_COMMON_BLOCKS = YES;
				GCC_WARN_64_TO_32_BIT_CONVERSION = YES;
				GCC_WARN_ABOUT_RETURN_TYPE = YES_ERROR;
				GCC_WARN_UNDECLARED_SELECTOR = YES;
				GCC_WARN_UNINITIALIZED_AUTOS = YES_AGGRESSIVE;
				GCC_WARN_UNUSED_FUNCTION = YES;
				GCC_WARN_UNUSED_VARIABLE = YES;
				IPHONEOS_DEPLOYMENT_TARGET = 14.4;
				MTL_ENABLE_DEBUG_INFO = NO;
				MTL_FAST_MATH = YES;
				SDKROOT = iphoneos;
				VALIDATE_PRODUCT = YES;
			};
			name = Release;
		};
		D964337525ED6F4400630510 /* Debug */ = {
			isa = XCBuildConfiguration;
			buildSettings = {
				ASSETCATALOG_COMPILER_APPICON_NAME = AppIcon;
				ASSETCATALOG_COMPILER_GLOBAL_ACCENT_COLOR_NAME = AccentColor;
				CODE_SIGN_STYLE = Automatic;
				INFOPLIST_FILE = "② - Block循环引用/Info.plist";
				LD_RUNPATH_SEARCH_PATHS = (
					"$(inherited)",
					"@executable_path/Frameworks",
				);
				PRODUCT_BUNDLE_IDENTIFIER = "com.Tcj88.----Block----";
				PRODUCT_NAME = "$(TARGET_NAME)";
				TARGETED_DEVICE_FAMILY = "1,2";
			};
			name = Debug;
		};
		D964337625ED6F4400630510 /* Release */ = {
			isa = XCBuildConfiguration;
			buildSettings = {
				ASSETCATALOG_COMPILER_APPICON_NAME = AppIcon;
				ASSETCATALOG_COMPILER_GLOBAL_ACCENT_COLOR_NAME = AccentColor;
				CODE_SIGN_STYLE = Automatic;
				INFOPLIST_FILE = "② - Block循环引用/Info.plist";
				LD_RUNPATH_SEARCH_PATHS = (
					"$(inherited)",
					"@executable_path/Frameworks",
				);
				PRODUCT_BUNDLE_IDENTIFIER = "com.Tcj88.----Block----";
				PRODUCT_NAME = "$(TARGET_NAME)";
				TARGETED_DEVICE_FAMILY = "1,2";
			};
			name = Release;
		};
/* End XCBuildConfiguration section */

/* Begin XCConfigurationList section */
		D964335625ED6F4200630510 /* Build configuration list for PBXProject "② - Block循环引用" */ = {
			isa = XCConfigurationList;
			buildConfigurations = (
				D964337225ED6F4400630510 /* Debug */,
				D964337325ED6F4400630510 /* Release */,
			);
			defaultConfigurationIsVisible = 0;
			defaultConfigurationName = Release;
		};
		D964337425ED6F4400630510 /* Build configuration list for PBXNativeTarget "② - Block循环引用" */ = {
			isa = XCConfigurationList;
			buildConfigurations = (
				D964337525ED6F4400630510 /* Debug */,
				D964337625ED6F4400630510 /* Release */,
			);
			defaultConfigurationIsVisible = 0;
			defaultConfigurationName = Release;
		};
/* End XCConfigurationList section */
	};
	rootObject = D964335325ED6F4200630510 /* Project object */;
}
