// !$*UTF8*$!
{
	archiveVersion = 1;
	classes = {
	};
	objectVersion = 50;
	objects = {

/* Begin PBXBuildFile section */
		D963F99525DDEF18002A1E29 /* AppDelegate.m in Sources */ = {isa = PBXBuildFile; fileRef = D963F99425DDEF18002A1E29 /* AppDelegate.m */; };
		D963F99825DDEF18002A1E29 /* SceneDelegate.m in Sources */ = {isa = PBXBuildFile; fileRef = D963F99725DDEF18002A1E29 /* SceneDelegate.m */; };
		D963F99B25DDEF18002A1E29 /* ViewController.m in Sources */ = {isa = PBXBuildFile; fileRef = D963F99A25DDEF18002A1E29 /* ViewController.m */; };
		D963F99E25DDEF18002A1E29 /* Main.storyboard in Resources */ = {isa = PBXBuildFile; fileRef = D963F99C25DDEF18002A1E29 /* Main.storyboard */; };
		D963F9A025DDEF1B002A1E29 /* Assets.xcassets in Resources */ = {isa = PBXBuildFile; fileRef = D963F99F25DDEF1B002A1E29 /* Assets.xcassets */; };
		D963F9A325DDEF1B002A1E29 /* LaunchScreen.storyboard in Resources */ = {isa = PBXBuildFile; fileRef = D963F9A125DDEF1B002A1E29 /* LaunchScreen.storyboard */; };
		D963F9A625DDEF1B002A1E29 /* main.m in Sources */ = {isa = PBXBuildFile; fileRef = D963F9A525DDEF1B002A1E29 /* main.m */; };
/* End PBXBuildFile section */

/* Begin PBXFileReference section */
		D963F99025DDEF18002A1E29 /* ① - 应用程序加载分析.app */ = {isa = PBXFileReference; explicitFileType = wrapper.application; includeInIndex = 0; path = "① - 应用程序加载分析.app"; sourceTree = BUILT_PRODUCTS_DIR; };
		D963F99325DDEF18002A1E29 /* AppDelegate.h */ = {isa = PBXFileReference; lastKnownFileType = sourcecode.c.h; path = AppDelegate.h; sourceTree = "<group>"; };
		D963F99425DDEF18002A1E29 /* AppDelegate.m */ = {isa = PBXFileReference; lastKnownFileType = sourcecode.c.objc; path = AppDelegate.m; sourceTree = "<group>"; };
		D963F99625DDEF18002A1E29 /* SceneDelegate.h */ = {isa = PBXFileReference; lastKnownFileType = sourcecode.c.h; path = SceneDelegate.h; sourceTree = "<group>"; };
		D963F99725DDEF18002A1E29 /* SceneDelegate.m */ = {isa = PBXFileReference; lastKnownFileType = sourcecode.c.objc; path = SceneDelegate.m; sourceTree = "<group>"; };
		D963F99925DDEF18002A1E29 /* ViewController.h */ = {isa = PBXFileReference; lastKnownFileType = sourcecode.c.h; path = ViewController.h; sourceTree = "<group>"; };
		D963F99A25DDEF18002A1E29 /* ViewController.m */ = {isa = PBXFileReference; lastKnownFileType = sourcecode.c.objc; path = ViewController.m; sourceTree = "<group>"; };
		D963F99D25DDEF18002A1E29 /* Base */ = {isa = PBXFileReference; lastKnownFileType = file.storyboard; name = Base; path = Base.lproj/Main.storyboard; sourceTree = "<group>"; };
		D963F99F25DDEF1B002A1E29 /* Assets.xcassets */ = {isa = PBXFileReference; lastKnownFileType = folder.assetcatalog; path = Assets.xcassets; sourceTree = "<group>"; };
		D963F9A225DDEF1B002A1E29 /* Base */ = {isa = PBXFileReference; lastKnownFileType = file.storyboard; name = Base; path = Base.lproj/LaunchScreen.storyboard; sourceTree = "<group>"; };
		D963F9A425DDEF1B002A1E29 /* Info.plist */ = {isa = PBXFileReference; lastKnownFileType = text.plist.xml; path = Info.plist; sourceTree = "<group>"; };
		D963F9A525DDEF1B002A1E29 /* main.m */ = {isa = PBXFileReference; lastKnownFileType = sourcecode.c.objc; path = main.m; sourceTree = "<group>"; };
/* End PBXFileReference section */

/* Begin PBXFrameworksBuildPhase section */
		D963F98D25DDEF18002A1E29 /* Frameworks */ = {
			isa = PBXFrameworksBuildPhase;
			buildActionMask = 2147483647;
			files = (
			);
			runOnlyForDeploymentPostprocessing = 0;
		};
/* End PBXFrameworksBuildPhase section */

/* Begin PBXGroup section */
		D963F98725DDEF18002A1E29 = {
			isa = PBXGroup;
			children = (
				D963F99225DDEF18002A1E29 /* ① - 应用程序加载分析 */,
				D963F99125DDEF18002A1E29 /* Products */,
			);
			sourceTree = "<group>";
		};
		D963F99125DDEF18002A1E29 /* Products */ = {
			isa = PBXGroup;
			children = (
				D963F99025DDEF18002A1E29 /* ① - 应用程序加载分析.app */,
			);
			name = Products;
			sourceTree = "<group>";
		};
		D963F99225DDEF18002A1E29 /* ① - 应用程序加载分析 */ = {
			isa = PBXGroup;
			children = (
				D963F99325DDEF18002A1E29 /* AppDelegate.h */,
				D963F99425DDEF18002A1E29 /* AppDelegate.m */,
				D963F99625DDEF18002A1E29 /* SceneDelegate.h */,
				D963F99725DDEF18002A1E29 /* SceneDelegate.m */,
				D963F99925DDEF18002A1E29 /* ViewController.h */,
				D963F99A25DDEF18002A1E29 /* ViewController.m */,
				D963F99C25DDEF18002A1E29 /* Main.storyboard */,
				D963F99F25DDEF1B002A1E29 /* Assets.xcassets */,
				D963F9A125DDEF1B002A1E29 /* LaunchScreen.storyboard */,
				D963F9A425DDEF1B002A1E29 /* Info.plist */,
				D963F9A525DDEF1B002A1E29 /* main.m */,
			);
			path = "① - 应用程序加载分析";
			sourceTree = "<group>";
		};
/* End PBXGroup section */

/* Begin PBXNativeTarget section */
		D963F98F25DDEF18002A1E29 /* ① - 应用程序加载分析 */ = {
			isa = PBXNativeTarget;
			buildConfigurationList = D963F9A925DDEF1B002A1E29 /* Build configuration list for PBXNativeTarget "① - 应用程序加载分析" */;
			buildPhases = (
				D963F98C25DDEF18002A1E29 /* Sources */,
				D963F98D25DDEF18002A1E29 /* Frameworks */,
				D963F98E25DDEF18002A1E29 /* Resources */,
			);
			buildRules = (
			);
			dependencies = (
			);
			name = "① - 应用程序加载分析";
			productName = "① - 应用程序加载分析";
			productReference = D963F99025DDEF18002A1E29 /* ① - 应用程序加载分析.app */;
			productType = "com.apple.product-type.application";
		};
/* End PBXNativeTarget section */

/* Begin PBXProject section */
		D963F98825DDEF18002A1E29 /* Project object */ = {
			isa = PBXProject;
			attributes = {
				LastUpgradeCheck = 1240;
				TargetAttributes = {
					D963F98F25DDEF18002A1E29 = {
						CreatedOnToolsVersion = 12.4;
					};
				};
			};
			buildConfigurationList = D963F98B25DDEF18002A1E29 /* Build configuration list for PBXProject "① - 应用程序加载分析" */;
			compatibilityVersion = "Xcode 9.3";
			developmentRegion = en;
			hasScannedForEncodings = 0;
			knownRegions = (
				en,
				Base,
			);
			mainGroup = D963F98725DDEF18002A1E29;
			productRefGroup = D963F99125DDEF18002A1E29 /* Products */;
			projectDirPath = "";
			projectRoot = "";
			targets = (
				D963F98F25DDEF18002A1E29 /* ① - 应用程序加载分析 */,
			);
		};
/* End PBXProject section */

/* Begin PBXResourcesBuildPhase section */
		D963F98E25DDEF18002A1E29 /* Resources */ = {
			isa = PBXResourcesBuildPhase;
			buildActionMask = 2147483647;
			files = (
				D963F9A325DDEF1B002A1E29 /* LaunchScreen.storyboard in Resources */,
				D963F9A025DDEF1B002A1E29 /* Assets.xcassets in Resources */,
				D963F99E25DDEF18002A1E29 /* Main.storyboard in Resources */,
			);
			runOnlyForDeploymentPostprocessing = 0;
		};
/* End PBXResourcesBuildPhase section */

/* Begin PBXSourcesBuildPhase section */
		D963F98C25DDEF18002A1E29 /* Sources */ = {
			isa = PBXSourcesBuildPhase;
			buildActionMask = 2147483647;
			files = (
				D963F99B25DDEF18002A1E29 /* ViewController.m in Sources */,
				D963F99525DDEF18002A1E29 /* AppDelegate.m in Sources */,
				D963F9A625DDEF1B002A1E29 /* main.m in Sources */,
				D963F99825DDEF18002A1E29 /* SceneDelegate.m in Sources */,
			);
			runOnlyForDeploymentPostprocessing = 0;
		};
/* End PBXSourcesBuildPhase section */

/* Begin PBXVariantGroup section */
		D963F99C25DDEF18002A1E29 /* Main.storyboard */ = {
			isa = PBXVariantGroup;
			children = (
				D963F99D25DDEF18002A1E29 /* Base */,
			);
			name = Main.storyboard;
			sourceTree = "<group>";
		};
		D963F9A125DDEF1B002A1E29 /* LaunchScreen.storyboard */ = {
			isa = PBXVariantGroup;
			children = (
				D963F9A225DDEF1B002A1E29 /* Base */,
			);
			name = LaunchScreen.storyboard;
			sourceTree = "<group>";
		};
/* End PBXVariantGroup section */

/* Begin XCBuildConfiguration section */
		D963F9A725DDEF1B002A1E29 /* Debug */ = {
			isa = XCBuildConfiguration;
			buildSettings = {
				ALWAYS_SEARCH_USER_PATHS = NO;
				CLANG_ANALYZER_NONNULL = YES;
				CLANG_ANALYZER_NUMBER_OBJECT_CONVERSION = YES_AGGRESSIVE;
				CLANG_CXX_LANGUAGE_STANDARD = "gnu++14";
				CLANG_CXX_LIBRARY = "libc++";
				CLANG_ENABLE_MODULES = YES;
				CLANG_ENABLE_OBJC_ARC = YES;
				CLANG_ENABLE_OBJC_WEAK = YES;
				CLANG_WARN_BLOCK_CAPTURE_AUTORELEASING = YES;
				CLANG_WARN_BOOL_CONVERSION = YES;
				CLANG_WARN_COMMA = YES;
				CLANG_WARN_CONSTANT_CONVERSION = YES;
				CLANG_WARN_DEPRECATED_OBJC_IMPLEMENTATIONS = YES;
				CLANG_WARN_DIRECT_OBJC_ISA_USAGE = YES_ERROR;
				CLANG_WARN_DOCUMENTATION_COMMENTS = YES;
				CLANG_WARN_EMPTY_BODY = YES;
				CLANG_WARN_ENUM_CONVERSION = YES;
				CLANG_WARN_INFINITE_RECURSION = YES;
				CLANG_WARN_INT_CONVERSION = YES;
				CLANG_WARN_NON_LITERAL_NULL_CONVERSION = YES;
				CLANG_WARN_OBJC_IMPLICIT_RETAIN_SELF = YES;
				CLANG_WARN_OBJC_LITERAL_CONVERSION = YES;
				CLANG_WARN_OBJC_ROOT_CLASS = YES_ERROR;
				CLANG_WARN_QUOTED_INCLUDE_IN_FRAMEWORK_HEADER = YES;
				CLANG_WARN_RANGE_LOOP_ANALYSIS = YES;
				CLANG_WARN_STRICT_PROTOTYPES = YES;
				CLANG_WARN_SUSPICIOUS_MOVE = YES;
				CLANG_WARN_UNGUARDED_AVAILABILITY = YES_AGGRESSIVE;
				CLANG_WARN_UNREACHABLE_CODE = YES;
				CLANG_WARN__DUPLICATE_METHOD_MATCH = YES;
				COPY_PHASE_STRIP = NO;
				DEBUG_INFORMATION_FORMAT = dwarf;
				ENABLE_STRICT_OBJC_MSGSEND = YES;
				ENABLE_TESTABILITY = YES;
				GCC_C_LANGUAGE_STANDARD = gnu11;
				GCC_DYNAMIC_NO_PIC = NO;
				GCC_NO_COMMON_BLOCKS = YES;
				GCC_OPTIMIZATION_LEVEL = 0;
				GCC_PREPROCESSOR_DEFINITIONS = (
					"DEBUG=1",
					"$(inherited)",
				);
				GCC_WARN_64_TO_32_BIT_CONVERSION = YES;
				GCC_WARN_ABOUT_RETURN_TYPE = YES_ERROR;
				GCC_WARN_UNDECLARED_SELECTOR = YES;
				GCC_WARN_UNINITIALIZED_AUTOS = YES_AGGRESSIVE;
				GCC_WARN_UNUSED_FUNCTION = YES;
				GCC_WARN_UNUSED_VARIABLE = YES;
				IPHONEOS_DEPLOYMENT_TARGET = 14.4;
				MTL_ENABLE_DEBUG_INFO = INCLUDE_SOURCE;
				MTL_FAST_MATH = YES;
				ONLY_ACTIVE_ARCH = YES;
				SDKROOT = iphoneos;
			};
			name = Debug;
		};
		D963F9A825DDEF1B002A1E29 /* Release */ = {
			isa = XCBuildConfiguration;
			buildSettings = {
				ALWAYS_SEARCH_USER_PATHS = NO;
				CLANG_ANALYZER_NONNULL = YES;
				CLANG_ANALYZER_NUMBER_OBJECT_CONVERSION = YES_AGGRESSIVE;
				CLANG_CXX_LANGUAGE_STANDARD = "gnu++14";
				CLANG_CXX_LIBRARY = "libc++";
				CLANG_ENABLE_MODULES = YES;
				CLANG_ENABLE_OBJC_ARC = YES;
				CLANG_ENABLE_OBJC_WEAK = YES;
				CLANG_WARN_BLOCK_CAPTURE_AUTORELEASING = YES;
				CLANG_WARN_BOOL_CONVERSION = YES;
				CLANG_WARN_COMMA = YES;
				CLANG_WARN_CONSTANT_CONVERSION = YES;
				CLANG_WARN_DEPRECATED_OBJC_IMPLEMENTATIONS = YES;
				CLANG_WARN_DIRECT_OBJC_ISA_USAGE = YES_ERROR;
				CLANG_WARN_DOCUMENTATION_COMMENTS = YES;
				CLANG_WARN_EMPTY_BODY = YES;
				CLANG_WARN_ENUM_CONVERSION = YES;
				CLANG_WARN_INFINITE_RECURSION = YES;
				CLANG_WARN_INT_CONVERSION = YES;
				CLANG_WARN_NON_LITERAL_NULL_CONVERSION = YES;
				CLANG_WARN_OBJC_IMPLICIT_RETAIN_SELF = YES;
				CLANG_WARN_OBJC_LITERAL_CONVERSION = YES;
				CLANG_WARN_OBJC_ROOT_CLASS = YES_ERROR;
				CLANG_WARN_QUOTED_INCLUDE_IN_FRAMEWORK_HEADER = YES;
				CLANG_WARN_RANGE_LOOP_ANALYSIS = YES;
				CLANG_WARN_STRICT_PROTOTYPES = YES;
				CLANG_WARN_SUSPICIOUS_MOVE = YES;
				CLANG_WARN_UNGUARDED_AVAILABILITY = YES_AGGRESSIVE;
				CLANG_WARN_UNREACHABLE_CODE = YES;
				CLANG_WARN__DUPLICATE_METHOD_MATCH = YES;
				COPY_PHASE_STRIP = NO;
				DEBUG_INFORMATION_FORMAT = "dwarf-with-dsym";
				ENABLE_NS_ASSERTIONS = NO;
				ENABLE_STRICT_OBJC_MSGSEND = YES;
				GCC_C_LANGUAGE_STANDARD = gnu11;
				GCC_NO_COMMON_BLOCKS = YES;
				GCC_WARN_64_TO_32_BIT_CONVERSION = YES;
				GCC_WARN_ABOUT_RETURN_TYPE = YES_ERROR;
				GCC_WARN_UNDECLARED_SELECTOR = YES;
				GCC_WARN_UNINITIALIZED_AUTOS = YES_AGGRESSIVE;
				GCC_WARN_UNUSED_FUNCTION = YES;
				GCC_WARN_UNUSED_VARIABLE = YES;
				IPHONEOS_DEPLOYMENT_TARGET = 14.4;
				MTL_ENABLE_DEBUG_INFO = NO;
				MTL_FAST_MATH = YES;
				SDKROOT = iphoneos;
				VALIDATE_PRODUCT = YES;
			};
			name = Release;
		};
		D963F9AA25DDEF1B002A1E29 /* Debug */ = {
			isa = XCBuildConfiguration;
			buildSettings = {
				ASSETCATALOG_COMPILER_APPICON_NAME = AppIcon;
				ASSETCATALOG_COMPILER_GLOBAL_ACCENT_COLOR_NAME = AccentColor;
				CODE_SIGN_STYLE = Automatic;
				INFOPLIST_FILE = "① - 应用程序加载分析/Info.plist";
				LD_RUNPATH_SEARCH_PATHS = (
					"$(inherited)",
					"@executable_path/Frameworks",
				);
				PRODUCT_BUNDLE_IDENTIFIER = "com.Tcj88.------------";
				PRODUCT_NAME = "$(TARGET_NAME)";
				TARGETED_DEVICE_FAMILY = "1,2";
			};
			name = Debug;
		};
		D963F9AB25DDEF1B002A1E29 /* Release */ = {
			isa = XCBuildConfiguration;
			buildSettings = {
				ASSETCATALOG_COMPILER_APPICON_NAME = AppIcon;
				ASSETCATALOG_COMPILER_GLOBAL_ACCENT_COLOR_NAME = AccentColor;
				CODE_SIGN_STYLE = Automatic;
				INFOPLIST_FILE = "① - 应用程序加载分析/Info.plist";
				LD_RUNPATH_SEARCH_PATHS = (
					"$(inherited)",
					"@executable_path/Frameworks",
				);
				PRODUCT_BUNDLE_IDENTIFIER = "com.Tcj88.------------";
				PRODUCT_NAME = "$(TARGET_NAME)";
				TARGETED_DEVICE_FAMILY = "1,2";
			};
			name = Release;
		};
/* End XCBuildConfiguration section */

/* Begin XCConfigurationList section */
		D963F98B25DDEF18002A1E29 /* Build configuration list for PBXProject "① - 应用程序加载分析" */ = {
			isa = XCConfigurationList;
			buildConfigurations = (
				D963F9A725DDEF1B002A1E29 /* Debug */,
				D963F9A825DDEF1B002A1E29 /* Release */,
			);
			defaultConfigurationIsVisible = 0;
			defaultConfigurationName = Release;
		};
		D963F9A925DDEF1B002A1E29 /* Build configuration list for PBXNativeTarget "① - 应用程序加载分析" */ = {
			isa = XCConfigurationList;
			buildConfigurations = (
				D963F9AA25DDEF1B002A1E29 /* Debug */,
				D963F9AB25DDEF1B002A1E29 /* Release */,
			);
			defaultConfigurationIsVisible = 0;
			defaultConfigurationName = Release;
		};
/* End XCConfigurationList section */
	};
	rootObject = D963F98825DDEF18002A1E29 /* Project object */;
}
