PODS:
  - Alamofire (5.4.1)
  - SnapKit (4.2.0)
  - SwiftyJSON (5.0.0)

DEPENDENCIES:
  - Alamofire (~> 5.4.1)
  - SnapKit
  - SwiftyJSON

SPEC REPOS:
  trunk:
    - Alamofire
    - SnapKit
    - SwiftyJSON

SPEC CHECKSUMS:
  Alamofire: 2291f7d21ca607c491dd17642e5d40fdcda0e65c
  SnapKit: fe8a619752f3f27075cc9a90244d75c6c3f27e2a
  SwiftyJSON: 36413e04c44ee145039d332b4f4e2d3e8d6c4db7

PODFILE CHECKSUM: a0507b4874ae45f149e59abf145df043f624e0b2

COCOAPODS: 1.10.1
