// !$*UTF8*$!
{
	archiveVersion = 1;
	classes = {
	};
	objectVersion = 50;
	objects = {

/* Begin PBXBuildFile section */
		D9AEE1C725E96919004659CC /* AppDelegate.m in Sources */ = {isa = PBXBuildFile; fileRef = D9AEE1C625E96919004659CC /* AppDelegate.m */; };
		D9AEE1CA25E96919004659CC /* SceneDelegate.m in Sources */ = {isa = PBXBuildFile; fileRef = D9AEE1C925E96919004659CC /* SceneDelegate.m */; };
		D9AEE1CD25E96919004659CC /* ViewController.m in Sources */ = {isa = PBXBuildFile; fileRef = D9AEE1CC25E96919004659CC /* ViewController.m */; };
		D9AEE1D025E9691A004659CC /* Main.storyboard in Resources */ = {isa = PBXBuildFile; fileRef = D9AEE1CE25E96919004659CC /* Main.storyboard */; };
		D9AEE1D225E9691C004659CC /* Assets.xcassets in Resources */ = {isa = PBXBuildFile; fileRef = D9AEE1D125E9691C004659CC /* Assets.xcassets */; };
		D9AEE1D525E9691C004659CC /* LaunchScreen.storyboard in Resources */ = {isa = PBXBuildFile; fileRef = D9AEE1D325E9691C004659CC /* LaunchScreen.storyboard */; };
		D9AEE1D825E9691C004659CC /* main.m in Sources */ = {isa = PBXBuildFile; fileRef = D9AEE1D725E9691C004659CC /* main.m */; };
		D9C4EE4425E9DEB8007DB6C3 /* TCJOperation.m in Sources */ = {isa = PBXBuildFile; fileRef = D9C4EE4325E9DEB8007DB6C3 /* TCJOperation.m */; };
/* End PBXBuildFile section */

/* Begin PBXFileReference section */
		D9AEE1C225E96919004659CC /* ⑦ - NSOperation.app */ = {isa = PBXFileReference; explicitFileType = wrapper.application; includeInIndex = 0; path = "⑦ - NSOperation.app"; sourceTree = BUILT_PRODUCTS_DIR; };
		D9AEE1C525E96919004659CC /* AppDelegate.h */ = {isa = PBXFileReference; lastKnownFileType = sourcecode.c.h; path = AppDelegate.h; sourceTree = "<group>"; };
		D9AEE1C625E96919004659CC /* AppDelegate.m */ = {isa = PBXFileReference; lastKnownFileType = sourcecode.c.objc; path = AppDelegate.m; sourceTree = "<group>"; };
		D9AEE1C825E96919004659CC /* SceneDelegate.h */ = {isa = PBXFileReference; lastKnownFileType = sourcecode.c.h; path = SceneDelegate.h; sourceTree = "<group>"; };
		D9AEE1C925E96919004659CC /* SceneDelegate.m */ = {isa = PBXFileReference; lastKnownFileType = sourcecode.c.objc; path = SceneDelegate.m; sourceTree = "<group>"; };
		D9AEE1CB25E96919004659CC /* ViewController.h */ = {isa = PBXFileReference; lastKnownFileType = sourcecode.c.h; path = ViewController.h; sourceTree = "<group>"; };
		D9AEE1CC25E96919004659CC /* ViewController.m */ = {isa = PBXFileReference; lastKnownFileType = sourcecode.c.objc; path = ViewController.m; sourceTree = "<group>"; };
		D9AEE1CF25E9691A004659CC /* Base */ = {isa = PBXFileReference; lastKnownFileType = file.storyboard; name = Base; path = Base.lproj/Main.storyboard; sourceTree = "<group>"; };
		D9AEE1D125E9691C004659CC /* Assets.xcassets */ = {isa = PBXFileReference; lastKnownFileType = folder.assetcatalog; path = Assets.xcassets; sourceTree = "<group>"; };
		D9AEE1D425E9691C004659CC /* Base */ = {isa = PBXFileReference; lastKnownFileType = file.storyboard; name = Base; path = Base.lproj/LaunchScreen.storyboard; sourceTree = "<group>"; };
		D9AEE1D625E9691C004659CC /* Info.plist */ = {isa = PBXFileReference; lastKnownFileType = text.plist.xml; path = Info.plist; sourceTree = "<group>"; };
		D9AEE1D725E9691C004659CC /* main.m */ = {isa = PBXFileReference; lastKnownFileType = sourcecode.c.objc; path = main.m; sourceTree = "<group>"; };
		D9C4EE4225E9DEB8007DB6C3 /* TCJOperation.h */ = {isa = PBXFileReference; lastKnownFileType = sourcecode.c.h; path = TCJOperation.h; sourceTree = "<group>"; };
		D9C4EE4325E9DEB8007DB6C3 /* TCJOperation.m */ = {isa = PBXFileReference; lastKnownFileType = sourcecode.c.objc; path = TCJOperation.m; sourceTree = "<group>"; };
/* End PBXFileReference section */

/* Begin PBXFrameworksBuildPhase section */
		D9AEE1BF25E96919004659CC /* Frameworks */ = {
			isa = PBXFrameworksBuildPhase;
			buildActionMask = 2147483647;
			files = (
			);
			runOnlyForDeploymentPostprocessing = 0;
		};
/* End PBXFrameworksBuildPhase section */

/* Begin PBXGroup section */
		D9AEE1B925E96919004659CC = {
			isa = PBXGroup;
			children = (
				D9AEE1C425E96919004659CC /* ⑦ - NSOperation */,
				D9AEE1C325E96919004659CC /* Products */,
			);
			sourceTree = "<group>";
		};
		D9AEE1C325E96919004659CC /* Products */ = {
			isa = PBXGroup;
			children = (
				D9AEE1C225E96919004659CC /* ⑦ - NSOperation.app */,
			);
			name = Products;
			sourceTree = "<group>";
		};
		D9AEE1C425E96919004659CC /* ⑦ - NSOperation */ = {
			isa = PBXGroup;
			children = (
				D9AEE1C525E96919004659CC /* AppDelegate.h */,
				D9AEE1C625E96919004659CC /* AppDelegate.m */,
				D9AEE1C825E96919004659CC /* SceneDelegate.h */,
				D9AEE1C925E96919004659CC /* SceneDelegate.m */,
				D9AEE1CB25E96919004659CC /* ViewController.h */,
				D9AEE1CC25E96919004659CC /* ViewController.m */,
				D9C4EE4225E9DEB8007DB6C3 /* TCJOperation.h */,
				D9C4EE4325E9DEB8007DB6C3 /* TCJOperation.m */,
				D9AEE1CE25E96919004659CC /* Main.storyboard */,
				D9AEE1D125E9691C004659CC /* Assets.xcassets */,
				D9AEE1D325E9691C004659CC /* LaunchScreen.storyboard */,
				D9AEE1D625E9691C004659CC /* Info.plist */,
				D9AEE1D725E9691C004659CC /* main.m */,
			);
			path = "⑦ - NSOperation";
			sourceTree = "<group>";
		};
/* End PBXGroup section */

/* Begin PBXNativeTarget section */
		D9AEE1C125E96919004659CC /* ⑦ - NSOperation */ = {
			isa = PBXNativeTarget;
			buildConfigurationList = D9AEE1DB25E9691C004659CC /* Build configuration list for PBXNativeTarget "⑦ - NSOperation" */;
			buildPhases = (
				D9AEE1BE25E96919004659CC /* Sources */,
				D9AEE1BF25E96919004659CC /* Frameworks */,
				D9AEE1C025E96919004659CC /* Resources */,
			);
			buildRules = (
			);
			dependencies = (
			);
			name = "⑦ - NSOperation";
			productName = "⑦ - NSOperation";
			productReference = D9AEE1C225E96919004659CC /* ⑦ - NSOperation.app */;
			productType = "com.apple.product-type.application";
		};
/* End PBXNativeTarget section */

/* Begin PBXProject section */
		D9AEE1BA25E96919004659CC /* Project object */ = {
			isa = PBXProject;
			attributes = {
				LastUpgradeCheck = 1240;
				TargetAttributes = {
					D9AEE1C125E96919004659CC = {
						CreatedOnToolsVersion = 12.4;
					};
				};
			};
			buildConfigurationList = D9AEE1BD25E96919004659CC /* Build configuration list for PBXProject "⑦ - NSOperation" */;
			compatibilityVersion = "Xcode 9.3";
			developmentRegion = en;
			hasScannedForEncodings = 0;
			knownRegions = (
				en,
				Base,
			);
			mainGroup = D9AEE1B925E96919004659CC;
			productRefGroup = D9AEE1C325E96919004659CC /* Products */;
			projectDirPath = "";
			projectRoot = "";
			targets = (
				D9AEE1C125E96919004659CC /* ⑦ - NSOperation */,
			);
		};
/* End PBXProject section */

/* Begin PBXResourcesBuildPhase section */
		D9AEE1C025E96919004659CC /* Resources */ = {
			isa = PBXResourcesBuildPhase;
			buildActionMask = 2147483647;
			files = (
				D9AEE1D525E9691C004659CC /* LaunchScreen.storyboard in Resources */,
				D9AEE1D225E9691C004659CC /* Assets.xcassets in Resources */,
				D9AEE1D025E9691A004659CC /* Main.storyboard in Resources */,
			);
			runOnlyForDeploymentPostprocessing = 0;
		};
/* End PBXResourcesBuildPhase section */

/* Begin PBXSourcesBuildPhase section */
		D9AEE1BE25E96919004659CC /* Sources */ = {
			isa = PBXSourcesBuildPhase;
			buildActionMask = 2147483647;
			files = (
				D9AEE1CD25E96919004659CC /* ViewController.m in Sources */,
				D9AEE1C725E96919004659CC /* AppDelegate.m in Sources */,
				D9AEE1D825E9691C004659CC /* main.m in Sources */,
				D9AEE1CA25E96919004659CC /* SceneDelegate.m in Sources */,
				D9C4EE4425E9DEB8007DB6C3 /* TCJOperation.m in Sources */,
			);
			runOnlyForDeploymentPostprocessing = 0;
		};
/* End PBXSourcesBuildPhase section */

/* Begin PBXVariantGroup section */
		D9AEE1CE25E96919004659CC /* Main.storyboard */ = {
			isa = PBXVariantGroup;
			children = (
				D9AEE1CF25E9691A004659CC /* Base */,
			);
			name = Main.storyboard;
			sourceTree = "<group>";
		};
		D9AEE1D325E9691C004659CC /* LaunchScreen.storyboard */ = {
			isa = PBXVariantGroup;
			children = (
				D9AEE1D425E9691C004659CC /* Base */,
			);
			name = LaunchScreen.storyboard;
			sourceTree = "<group>";
		};
/* End PBXVariantGroup section */

/* Begin XCBuildConfiguration section */
		D9AEE1D925E9691C004659CC /* Debug */ = {
			isa = XCBuildConfiguration;
			buildSettings = {
				ALWAYS_SEARCH_USER_PATHS = NO;
				CLANG_ANALYZER_NONNULL = YES;
				CLANG_ANALYZER_NUMBER_OBJECT_CONVERSION = YES_AGGRESSIVE;
				CLANG_CXX_LANGUAGE_STANDARD = "gnu++14";
				CLANG_CXX_LIBRARY = "libc++";
				CLANG_ENABLE_MODULES = YES;
				CLANG_ENABLE_OBJC_ARC = YES;
				CLANG_ENABLE_OBJC_WEAK = YES;
				CLANG_WARN_BLOCK_CAPTURE_AUTORELEASING = YES;
				CLANG_WARN_BOOL_CONVERSION = YES;
				CLANG_WARN_COMMA = YES;
				CLANG_WARN_CONSTANT_CONVERSION = YES;
				CLANG_WARN_DEPRECATED_OBJC_IMPLEMENTATIONS = YES;
				CLANG_WARN_DIRECT_OBJC_ISA_USAGE = YES_ERROR;
				CLANG_WARN_DOCUMENTATION_COMMENTS = YES;
				CLANG_WARN_EMPTY_BODY = YES;
				CLANG_WARN_ENUM_CONVERSION = YES;
				CLANG_WARN_INFINITE_RECURSION = YES;
				CLANG_WARN_INT_CONVERSION = YES;
				CLANG_WARN_NON_LITERAL_NULL_CONVERSION = YES;
				CLANG_WARN_OBJC_IMPLICIT_RETAIN_SELF = YES;
				CLANG_WARN_OBJC_LITERAL_CONVERSION = YES;
				CLANG_WARN_OBJC_ROOT_CLASS = YES_ERROR;
				CLANG_WARN_QUOTED_INCLUDE_IN_FRAMEWORK_HEADER = YES;
				CLANG_WARN_RANGE_LOOP_ANALYSIS = YES;
				CLANG_WARN_STRICT_PROTOTYPES = YES;
				CLANG_WARN_SUSPICIOUS_MOVE = YES;
				CLANG_WARN_UNGUARDED_AVAILABILITY = YES_AGGRESSIVE;
				CLANG_WARN_UNREACHABLE_CODE = YES;
				CLANG_WARN__DUPLICATE_METHOD_MATCH = YES;
				COPY_PHASE_STRIP = NO;
				DEBUG_INFORMATION_FORMAT = dwarf;
				ENABLE_STRICT_OBJC_MSGSEND = YES;
				ENABLE_TESTABILITY = YES;
				GCC_C_LANGUAGE_STANDARD = gnu11;
				GCC_DYNAMIC_NO_PIC = NO;
				GCC_NO_COMMON_BLOCKS = YES;
				GCC_OPTIMIZATION_LEVEL = 0;
				GCC_PREPROCESSOR_DEFINITIONS = (
					"DEBUG=1",
					"$(inherited)",
				);
				GCC_WARN_64_TO_32_BIT_CONVERSION = YES;
				GCC_WARN_ABOUT_RETURN_TYPE = YES_ERROR;
				GCC_WARN_UNDECLARED_SELECTOR = YES;
				GCC_WARN_UNINITIALIZED_AUTOS = YES_AGGRESSIVE;
				GCC_WARN_UNUSED_FUNCTION = YES;
				GCC_WARN_UNUSED_VARIABLE = YES;
				IPHONEOS_DEPLOYMENT_TARGET = 14.4;
				MTL_ENABLE_DEBUG_INFO = INCLUDE_SOURCE;
				MTL_FAST_MATH = YES;
				ONLY_ACTIVE_ARCH = YES;
				SDKROOT = iphoneos;
			};
			name = Debug;
		};
		D9AEE1DA25E9691C004659CC /* Release */ = {
			isa = XCBuildConfiguration;
			buildSettings = {
				ALWAYS_SEARCH_USER_PATHS = NO;
				CLANG_ANALYZER_NONNULL = YES;
				CLANG_ANALYZER_NUMBER_OBJECT_CONVERSION = YES_AGGRESSIVE;
				CLANG_CXX_LANGUAGE_STANDARD = "gnu++14";
				CLANG_CXX_LIBRARY = "libc++";
				CLANG_ENABLE_MODULES = YES;
				CLANG_ENABLE_OBJC_ARC = YES;
				CLANG_ENABLE_OBJC_WEAK = YES;
				CLANG_WARN_BLOCK_CAPTURE_AUTORELEASING = YES;
				CLANG_WARN_BOOL_CONVERSION = YES;
				CLANG_WARN_COMMA = YES;
				CLANG_WARN_CONSTANT_CONVERSION = YES;
				CLANG_WARN_DEPRECATED_OBJC_IMPLEMENTATIONS = YES;
				CLANG_WARN_DIRECT_OBJC_ISA_USAGE = YES_ERROR;
				CLANG_WARN_DOCUMENTATION_COMMENTS = YES;
				CLANG_WARN_EMPTY_BODY = YES;
				CLANG_WARN_ENUM_CONVERSION = YES;
				CLANG_WARN_INFINITE_RECURSION = YES;
				CLANG_WARN_INT_CONVERSION = YES;
				CLANG_WARN_NON_LITERAL_NULL_CONVERSION = YES;
				CLANG_WARN_OBJC_IMPLICIT_RETAIN_SELF = YES;
				CLANG_WARN_OBJC_LITERAL_CONVERSION = YES;
				CLANG_WARN_OBJC_ROOT_CLASS = YES_ERROR;
				CLANG_WARN_QUOTED_INCLUDE_IN_FRAMEWORK_HEADER = YES;
				CLANG_WARN_RANGE_LOOP_ANALYSIS = YES;
				CLANG_WARN_STRICT_PROTOTYPES = YES;
				CLANG_WARN_SUSPICIOUS_MOVE = YES;
				CLANG_WARN_UNGUARDED_AVAILABILITY = YES_AGGRESSIVE;
				CLANG_WARN_UNREACHABLE_CODE = YES;
				CLANG_WARN__DUPLICATE_METHOD_MATCH = YES;
				COPY_PHASE_STRIP = NO;
				DEBUG_INFORMATION_FORMAT = "dwarf-with-dsym";
				ENABLE_NS_ASSERTIONS = NO;
				ENABLE_STRICT_OBJC_MSGSEND = YES;
				GCC_C_LANGUAGE_STANDARD = gnu11;
				GCC_NO_COMMON_BLOCKS = YES;
				GCC_WARN_64_TO_32_BIT_CONVERSION = YES;
				GCC_WARN_ABOUT_RETURN_TYPE = YES_ERROR;
				GCC_WARN_UNDECLARED_SELECTOR = YES;
				GCC_WARN_UNINITIALIZED_AUTOS = YES_AGGRESSIVE;
				GCC_WARN_UNUSED_FUNCTION = YES;
				GCC_WARN_UNUSED_VARIABLE = YES;
				IPHONEOS_DEPLOYMENT_TARGET = 14.4;
				MTL_ENABLE_DEBUG_INFO = NO;
				MTL_FAST_MATH = YES;
				SDKROOT = iphoneos;
				VALIDATE_PRODUCT = YES;
			};
			name = Release;
		};
		D9AEE1DC25E9691C004659CC /* Debug */ = {
			isa = XCBuildConfiguration;
			buildSettings = {
				ASSETCATALOG_COMPILER_APPICON_NAME = AppIcon;
				ASSETCATALOG_COMPILER_GLOBAL_ACCENT_COLOR_NAME = AccentColor;
				CODE_SIGN_STYLE = Automatic;
				INFOPLIST_FILE = "⑦ - NSOperation/Info.plist";
				LD_RUNPATH_SEARCH_PATHS = (
					"$(inherited)",
					"@executable_path/Frameworks",
				);
				PRODUCT_BUNDLE_IDENTIFIER = "com.Tcj88.----NSOperation";
				PRODUCT_NAME = "$(TARGET_NAME)";
				TARGETED_DEVICE_FAMILY = "1,2";
			};
			name = Debug;
		};
		D9AEE1DD25E9691C004659CC /* Release */ = {
			isa = XCBuildConfiguration;
			buildSettings = {
				ASSETCATALOG_COMPILER_APPICON_NAME = AppIcon;
				ASSETCATALOG_COMPILER_GLOBAL_ACCENT_COLOR_NAME = AccentColor;
				CODE_SIGN_STYLE = Automatic;
				INFOPLIST_FILE = "⑦ - NSOperation/Info.plist";
				LD_RUNPATH_SEARCH_PATHS = (
					"$(inherited)",
					"@executable_path/Frameworks",
				);
				PRODUCT_BUNDLE_IDENTIFIER = "com.Tcj88.----NSOperation";
				PRODUCT_NAME = "$(TARGET_NAME)";
				TARGETED_DEVICE_FAMILY = "1,2";
			};
			name = Release;
		};
/* End XCBuildConfiguration section */

/* Begin XCConfigurationList section */
		D9AEE1BD25E96919004659CC /* Build configuration list for PBXProject "⑦ - NSOperation" */ = {
			isa = XCConfigurationList;
			buildConfigurations = (
				D9AEE1D925E9691C004659CC /* Debug */,
				D9AEE1DA25E9691C004659CC /* Release */,
			);
			defaultConfigurationIsVisible = 0;
			defaultConfigurationName = Release;
		};
		D9AEE1DB25E9691C004659CC /* Build configuration list for PBXNativeTarget "⑦ - NSOperation" */ = {
			isa = XCConfigurationList;
			buildConfigurations = (
				D9AEE1DC25E9691C004659CC /* Debug */,
				D9AEE1DD25E9691C004659CC /* Release */,
			);
			defaultConfigurationIsVisible = 0;
			defaultConfigurationName = Release;
		};
/* End XCConfigurationList section */
	};
	rootObject = D9AEE1BA25E96919004659CC /* Project object */;
}
