// !$*UTF8*$!
{
	archiveVersion = 1;
	classes = {
	};
	objectVersion = 50;
	objects = {

/* Begin PBXBuildFile section */
		D910A72125EE35E800023271 /* AppDelegate.m in Sources */ = {isa = PBXBuildFile; fileRef = D910A72025EE35E800023271 /* AppDelegate.m */; };
		D910A72425EE35E800023271 /* SceneDelegate.m in Sources */ = {isa = PBXBuildFile; fileRef = D910A72325EE35E800023271 /* SceneDelegate.m */; };
		D910A72725EE35E800023271 /* ViewController.m in Sources */ = {isa = PBXBuildFile; fileRef = D910A72625EE35E800023271 /* ViewController.m */; };
		D910A72A25EE35E800023271 /* Main.storyboard in Resources */ = {isa = PBXBuildFile; fileRef = D910A72825EE35E800023271 /* Main.storyboard */; };
		D910A72C25EE35EB00023271 /* Assets.xcassets in Resources */ = {isa = PBXBuildFile; fileRef = D910A72B25EE35EB00023271 /* Assets.xcassets */; };
		D910A72F25EE35EB00023271 /* LaunchScreen.storyboard in Resources */ = {isa = PBXBuildFile; fileRef = D910A72D25EE35EB00023271 /* LaunchScreen.storyboard */; };
		D910A73225EE35EB00023271 /* main.m in Sources */ = {isa = PBXBuildFile; fileRef = D910A73125EE35EB00023271 /* main.m */; };
/* End PBXBuildFile section */

/* Begin PBXFileReference section */
		D910A71C25EE35E800023271 /* ④ - Block结构与签名.app */ = {isa = PBXFileReference; explicitFileType = wrapper.application; includeInIndex = 0; path = "④ - Block结构与签名.app"; sourceTree = BUILT_PRODUCTS_DIR; };
		D910A71F25EE35E800023271 /* AppDelegate.h */ = {isa = PBXFileReference; lastKnownFileType = sourcecode.c.h; path = AppDelegate.h; sourceTree = "<group>"; };
		D910A72025EE35E800023271 /* AppDelegate.m */ = {isa = PBXFileReference; lastKnownFileType = sourcecode.c.objc; path = AppDelegate.m; sourceTree = "<group>"; };
		D910A72225EE35E800023271 /* SceneDelegate.h */ = {isa = PBXFileReference; lastKnownFileType = sourcecode.c.h; path = SceneDelegate.h; sourceTree = "<group>"; };
		D910A72325EE35E800023271 /* SceneDelegate.m */ = {isa = PBXFileReference; lastKnownFileType = sourcecode.c.objc; path = SceneDelegate.m; sourceTree = "<group>"; };
		D910A72525EE35E800023271 /* ViewController.h */ = {isa = PBXFileReference; lastKnownFileType = sourcecode.c.h; path = ViewController.h; sourceTree = "<group>"; };
		D910A72625EE35E800023271 /* ViewController.m */ = {isa = PBXFileReference; lastKnownFileType = sourcecode.c.objc; path = ViewController.m; sourceTree = "<group>"; };
		D910A72925EE35E800023271 /* Base */ = {isa = PBXFileReference; lastKnownFileType = file.storyboard; name = Base; path = Base.lproj/Main.storyboard; sourceTree = "<group>"; };
		D910A72B25EE35EB00023271 /* Assets.xcassets */ = {isa = PBXFileReference; lastKnownFileType = folder.assetcatalog; path = Assets.xcassets; sourceTree = "<group>"; };
		D910A72E25EE35EB00023271 /* Base */ = {isa = PBXFileReference; lastKnownFileType = file.storyboard; name = Base; path = Base.lproj/LaunchScreen.storyboard; sourceTree = "<group>"; };
		D910A73025EE35EB00023271 /* Info.plist */ = {isa = PBXFileReference; lastKnownFileType = text.plist.xml; path = Info.plist; sourceTree = "<group>"; };
		D910A73125EE35EB00023271 /* main.m */ = {isa = PBXFileReference; lastKnownFileType = sourcecode.c.objc; path = main.m; sourceTree = "<group>"; };
		D910A74625EE6C0100023271 /* main.cpp */ = {isa = PBXFileReference; lastKnownFileType = sourcecode.cpp.cpp; path = main.cpp; sourceTree = "<group>"; };
/* End PBXFileReference section */

/* Begin PBXFrameworksBuildPhase section */
		D910A71925EE35E800023271 /* Frameworks */ = {
			isa = PBXFrameworksBuildPhase;
			buildActionMask = 2147483647;
			files = (
			);
			runOnlyForDeploymentPostprocessing = 0;
		};
/* End PBXFrameworksBuildPhase section */

/* Begin PBXGroup section */
		D910A71325EE35E800023271 = {
			isa = PBXGroup;
			children = (
				D910A71E25EE35E800023271 /* ④ - Block结构与签名 */,
				D910A71D25EE35E800023271 /* Products */,
			);
			sourceTree = "<group>";
		};
		D910A71D25EE35E800023271 /* Products */ = {
			isa = PBXGroup;
			children = (
				D910A71C25EE35E800023271 /* ④ - Block结构与签名.app */,
			);
			name = Products;
			sourceTree = "<group>";
		};
		D910A71E25EE35E800023271 /* ④ - Block结构与签名 */ = {
			isa = PBXGroup;
			children = (
				D910A71F25EE35E800023271 /* AppDelegate.h */,
				D910A72025EE35E800023271 /* AppDelegate.m */,
				D910A72225EE35E800023271 /* SceneDelegate.h */,
				D910A72325EE35E800023271 /* SceneDelegate.m */,
				D910A72525EE35E800023271 /* ViewController.h */,
				D910A72625EE35E800023271 /* ViewController.m */,
				D910A72825EE35E800023271 /* Main.storyboard */,
				D910A72B25EE35EB00023271 /* Assets.xcassets */,
				D910A72D25EE35EB00023271 /* LaunchScreen.storyboard */,
				D910A73025EE35EB00023271 /* Info.plist */,
				D910A74625EE6C0100023271 /* main.cpp */,
				D910A73125EE35EB00023271 /* main.m */,
			);
			path = "④ - Block结构与签名";
			sourceTree = "<group>";
		};
/* End PBXGroup section */

/* Begin PBXNativeTarget section */
		D910A71B25EE35E800023271 /* ④ - Block结构与签名 */ = {
			isa = PBXNativeTarget;
			buildConfigurationList = D910A73525EE35EB00023271 /* Build configuration list for PBXNativeTarget "④ - Block结构与签名" */;
			buildPhases = (
				D910A71825EE35E800023271 /* Sources */,
				D910A71925EE35E800023271 /* Frameworks */,
				D910A71A25EE35E800023271 /* Resources */,
			);
			buildRules = (
			);
			dependencies = (
			);
			name = "④ - Block结构与签名";
			productName = "④ - Block结构与签名";
			productReference = D910A71C25EE35E800023271 /* ④ - Block结构与签名.app */;
			productType = "com.apple.product-type.application";
		};
/* End PBXNativeTarget section */

/* Begin PBXProject section */
		D910A71425EE35E800023271 /* Project object */ = {
			isa = PBXProject;
			attributes = {
				LastUpgradeCheck = 1240;
				TargetAttributes = {
					D910A71B25EE35E800023271 = {
						CreatedOnToolsVersion = 12.4;
					};
				};
			};
			buildConfigurationList = D910A71725EE35E800023271 /* Build configuration list for PBXProject "④ - Block结构与签名" */;
			compatibilityVersion = "Xcode 9.3";
			developmentRegion = en;
			hasScannedForEncodings = 0;
			knownRegions = (
				en,
				Base,
			);
			mainGroup = D910A71325EE35E800023271;
			productRefGroup = D910A71D25EE35E800023271 /* Products */;
			projectDirPath = "";
			projectRoot = "";
			targets = (
				D910A71B25EE35E800023271 /* ④ - Block结构与签名 */,
			);
		};
/* End PBXProject section */

/* Begin PBXResourcesBuildPhase section */
		D910A71A25EE35E800023271 /* Resources */ = {
			isa = PBXResourcesBuildPhase;
			buildActionMask = 2147483647;
			files = (
				D910A72F25EE35EB00023271 /* LaunchScreen.storyboard in Resources */,
				D910A72C25EE35EB00023271 /* Assets.xcassets in Resources */,
				D910A72A25EE35E800023271 /* Main.storyboard in Resources */,
			);
			runOnlyForDeploymentPostprocessing = 0;
		};
/* End PBXResourcesBuildPhase section */

/* Begin PBXSourcesBuildPhase section */
		D910A71825EE35E800023271 /* Sources */ = {
			isa = PBXSourcesBuildPhase;
			buildActionMask = 2147483647;
			files = (
				D910A72725EE35E800023271 /* ViewController.m in Sources */,
				D910A72125EE35E800023271 /* AppDelegate.m in Sources */,
				D910A73225EE35EB00023271 /* main.m in Sources */,
				D910A72425EE35E800023271 /* SceneDelegate.m in Sources */,
			);
			runOnlyForDeploymentPostprocessing = 0;
		};
/* End PBXSourcesBuildPhase section */

/* Begin PBXVariantGroup section */
		D910A72825EE35E800023271 /* Main.storyboard */ = {
			isa = PBXVariantGroup;
			children = (
				D910A72925EE35E800023271 /* Base */,
			);
			name = Main.storyboard;
			sourceTree = "<group>";
		};
		D910A72D25EE35EB00023271 /* LaunchScreen.storyboard */ = {
			isa = PBXVariantGroup;
			children = (
				D910A72E25EE35EB00023271 /* Base */,
			);
			name = LaunchScreen.storyboard;
			sourceTree = "<group>";
		};
/* End PBXVariantGroup section */

/* Begin XCBuildConfiguration section */
		D910A73325EE35EB00023271 /* Debug */ = {
			isa = XCBuildConfiguration;
			buildSettings = {
				ALWAYS_SEARCH_USER_PATHS = NO;
				CLANG_ANALYZER_NONNULL = YES;
				CLANG_ANALYZER_NUMBER_OBJECT_CONVERSION = YES_AGGRESSIVE;
				CLANG_CXX_LANGUAGE_STANDARD = "gnu++14";
				CLANG_CXX_LIBRARY = "libc++";
				CLANG_ENABLE_MODULES = YES;
				CLANG_ENABLE_OBJC_ARC = YES;
				CLANG_ENABLE_OBJC_WEAK = YES;
				CLANG_WARN_BLOCK_CAPTURE_AUTORELEASING = YES;
				CLANG_WARN_BOOL_CONVERSION = YES;
				CLANG_WARN_COMMA = YES;
				CLANG_WARN_CONSTANT_CONVERSION = YES;
				CLANG_WARN_DEPRECATED_OBJC_IMPLEMENTATIONS = YES;
				CLANG_WARN_DIRECT_OBJC_ISA_USAGE = YES_ERROR;
				CLANG_WARN_DOCUMENTATION_COMMENTS = YES;
				CLANG_WARN_EMPTY_BODY = YES;
				CLANG_WARN_ENUM_CONVERSION = YES;
				CLANG_WARN_INFINITE_RECURSION = YES;
				CLANG_WARN_INT_CONVERSION = YES;
				CLANG_WARN_NON_LITERAL_NULL_CONVERSION = YES;
				CLANG_WARN_OBJC_IMPLICIT_RETAIN_SELF = YES;
				CLANG_WARN_OBJC_LITERAL_CONVERSION = YES;
				CLANG_WARN_OBJC_ROOT_CLASS = YES_ERROR;
				CLANG_WARN_QUOTED_INCLUDE_IN_FRAMEWORK_HEADER = YES;
				CLANG_WARN_RANGE_LOOP_ANALYSIS = YES;
				CLANG_WARN_STRICT_PROTOTYPES = YES;
				CLANG_WARN_SUSPICIOUS_MOVE = YES;
				CLANG_WARN_UNGUARDED_AVAILABILITY = YES_AGGRESSIVE;
				CLANG_WARN_UNREACHABLE_CODE = YES;
				CLANG_WARN__DUPLICATE_METHOD_MATCH = YES;
				COPY_PHASE_STRIP = NO;
				DEBUG_INFORMATION_FORMAT = dwarf;
				ENABLE_STRICT_OBJC_MSGSEND = YES;
				ENABLE_TESTABILITY = YES;
				GCC_C_LANGUAGE_STANDARD = gnu11;
				GCC_DYNAMIC_NO_PIC = NO;
				GCC_NO_COMMON_BLOCKS = YES;
				GCC_OPTIMIZATION_LEVEL = 0;
				GCC_PREPROCESSOR_DEFINITIONS = (
					"DEBUG=1",
					"$(inherited)",
				);
				GCC_WARN_64_TO_32_BIT_CONVERSION = YES;
				GCC_WARN_ABOUT_RETURN_TYPE = YES_ERROR;
				GCC_WARN_UNDECLARED_SELECTOR = YES;
				GCC_WARN_UNINITIALIZED_AUTOS = YES_AGGRESSIVE;
				GCC_WARN_UNUSED_FUNCTION = YES;
				GCC_WARN_UNUSED_VARIABLE = YES;
				IPHONEOS_DEPLOYMENT_TARGET = 14.4;
				MTL_ENABLE_DEBUG_INFO = INCLUDE_SOURCE;
				MTL_FAST_MATH = YES;
				ONLY_ACTIVE_ARCH = YES;
				SDKROOT = iphoneos;
			};
			name = Debug;
		};
		D910A73425EE35EB00023271 /* Release */ = {
			isa = XCBuildConfiguration;
			buildSettings = {
				ALWAYS_SEARCH_USER_PATHS = NO;
				CLANG_ANALYZER_NONNULL = YES;
				CLANG_ANALYZER_NUMBER_OBJECT_CONVERSION = YES_AGGRESSIVE;
				CLANG_CXX_LANGUAGE_STANDARD = "gnu++14";
				CLANG_CXX_LIBRARY = "libc++";
				CLANG_ENABLE_MODULES = YES;
				CLANG_ENABLE_OBJC_ARC = YES;
				CLANG_ENABLE_OBJC_WEAK = YES;
				CLANG_WARN_BLOCK_CAPTURE_AUTORELEASING = YES;
				CLANG_WARN_BOOL_CONVERSION = YES;
				CLANG_WARN_COMMA = YES;
				CLANG_WARN_CONSTANT_CONVERSION = YES;
				CLANG_WARN_DEPRECATED_OBJC_IMPLEMENTATIONS = YES;
				CLANG_WARN_DIRECT_OBJC_ISA_USAGE = YES_ERROR;
				CLANG_WARN_DOCUMENTATION_COMMENTS = YES;
				CLANG_WARN_EMPTY_BODY = YES;
				CLANG_WARN_ENUM_CONVERSION = YES;
				CLANG_WARN_INFINITE_RECURSION = YES;
				CLANG_WARN_INT_CONVERSION = YES;
				CLANG_WARN_NON_LITERAL_NULL_CONVERSION = YES;
				CLANG_WARN_OBJC_IMPLICIT_RETAIN_SELF = YES;
				CLANG_WARN_OBJC_LITERAL_CONVERSION = YES;
				CLANG_WARN_OBJC_ROOT_CLASS = YES_ERROR;
				CLANG_WARN_QUOTED_INCLUDE_IN_FRAMEWORK_HEADER = YES;
				CLANG_WARN_RANGE_LOOP_ANALYSIS = YES;
				CLANG_WARN_STRICT_PROTOTYPES = YES;
				CLANG_WARN_SUSPICIOUS_MOVE = YES;
				CLANG_WARN_UNGUARDED_AVAILABILITY = YES_AGGRESSIVE;
				CLANG_WARN_UNREACHABLE_CODE = YES;
				CLANG_WARN__DUPLICATE_METHOD_MATCH = YES;
				COPY_PHASE_STRIP = NO;
				DEBUG_INFORMATION_FORMAT = "dwarf-with-dsym";
				ENABLE_NS_ASSERTIONS = NO;
				ENABLE_STRICT_OBJC_MSGSEND = YES;
				GCC_C_LANGUAGE_STANDARD = gnu11;
				GCC_NO_COMMON_BLOCKS = YES;
				GCC_WARN_64_TO_32_BIT_CONVERSION = YES;
				GCC_WARN_ABOUT_RETURN_TYPE = YES_ERROR;
				GCC_WARN_UNDECLARED_SELECTOR = YES;
				GCC_WARN_UNINITIALIZED_AUTOS = YES_AGGRESSIVE;
				GCC_WARN_UNUSED_FUNCTION = YES;
				GCC_WARN_UNUSED_VARIABLE = YES;
				IPHONEOS_DEPLOYMENT_TARGET = 14.4;
				MTL_ENABLE_DEBUG_INFO = NO;
				MTL_FAST_MATH = YES;
				SDKROOT = iphoneos;
				VALIDATE_PRODUCT = YES;
			};
			name = Release;
		};
		D910A73625EE35EB00023271 /* Debug */ = {
			isa = XCBuildConfiguration;
			buildSettings = {
				ASSETCATALOG_COMPILER_APPICON_NAME = AppIcon;
				ASSETCATALOG_COMPILER_GLOBAL_ACCENT_COLOR_NAME = AccentColor;
				CODE_SIGN_IDENTITY = "iPhone Developer";
				CODE_SIGN_STYLE = Manual;
				DEVELOPMENT_TEAM = 8HWQF3WZ7S;
				INFOPLIST_FILE = "④ - Block结构与签名/Info.plist";
				LD_RUNPATH_SEARCH_PATHS = (
					"$(inherited)",
					"@executable_path/Frameworks",
				);
				PRODUCT_BUNDLE_IDENTIFIER = com.zhuantt.ztt;
				PRODUCT_NAME = "$(TARGET_NAME)";
				PROVISIONING_PROFILE_SPECIFIER = developmentztt;
				TARGETED_DEVICE_FAMILY = "1,2";
			};
			name = Debug;
		};
		D910A73725EE35EB00023271 /* Release */ = {
			isa = XCBuildConfiguration;
			buildSettings = {
				ASSETCATALOG_COMPILER_APPICON_NAME = AppIcon;
				ASSETCATALOG_COMPILER_GLOBAL_ACCENT_COLOR_NAME = AccentColor;
				CODE_SIGN_IDENTITY = "iPhone Developer";
				CODE_SIGN_STYLE = Manual;
				DEVELOPMENT_TEAM = 8HWQF3WZ7S;
				INFOPLIST_FILE = "④ - Block结构与签名/Info.plist";
				LD_RUNPATH_SEARCH_PATHS = (
					"$(inherited)",
					"@executable_path/Frameworks",
				);
				PRODUCT_BUNDLE_IDENTIFIER = com.zhuantt.ztt;
				PRODUCT_NAME = "$(TARGET_NAME)";
				PROVISIONING_PROFILE_SPECIFIER = developmentztt;
				TARGETED_DEVICE_FAMILY = "1,2";
			};
			name = Release;
		};
/* End XCBuildConfiguration section */

/* Begin XCConfigurationList section */
		D910A71725EE35E800023271 /* Build configuration list for PBXProject "④ - Block结构与签名" */ = {
			isa = XCConfigurationList;
			buildConfigurations = (
				D910A73325EE35EB00023271 /* Debug */,
				D910A73425EE35EB00023271 /* Release */,
			);
			defaultConfigurationIsVisible = 0;
			defaultConfigurationName = Release;
		};
		D910A73525EE35EB00023271 /* Build configuration list for PBXNativeTarget "④ - Block结构与签名" */ = {
			isa = XCConfigurationList;
			buildConfigurations = (
				D910A73625EE35EB00023271 /* Debug */,
				D910A73725EE35EB00023271 /* Release */,
			);
			defaultConfigurationIsVisible = 0;
			defaultConfigurationName = Release;
		};
/* End XCConfigurationList section */
	};
	rootObject = D910A71425EE35E800023271 /* Project object */;
}
