// !$*UTF8*$!
{
	archiveVersion = 1;
	classes = {
	};
	objectVersion = 50;
	objects = {

/* Begin PBXBuildFile section */
		D999752125112E8900830A7A /* AppDelegate.m in Sources */ = {isa = PBXBuildFile; fileRef = D999752025112E8900830A7A /* AppDelegate.m */; };
		D999752425112E8900830A7A /* SceneDelegate.m in Sources */ = {isa = PBXBuildFile; fileRef = D999752325112E8900830A7A /* SceneDelegate.m */; };
		D999752725112E8900830A7A /* ViewController.m in Sources */ = {isa = PBXBuildFile; fileRef = D999752625112E8900830A7A /* ViewController.m */; };
		D999752A25112E8900830A7A /* Main.storyboard in Resources */ = {isa = PBXBuildFile; fileRef = D999752825112E8900830A7A /* Main.storyboard */; };
		D999752C25112E8E00830A7A /* Assets.xcassets in Resources */ = {isa = PBXBuildFile; fileRef = D999752B25112E8E00830A7A /* Assets.xcassets */; };
		D999752F25112E8E00830A7A /* LaunchScreen.storyboard in Resources */ = {isa = PBXBuildFile; fileRef = D999752D25112E8E00830A7A /* LaunchScreen.storyboard */; };
		D999753225112E8E00830A7A /* main.m in Sources */ = {isa = PBXBuildFile; fileRef = D999753125112E8E00830A7A /* main.m */; };
		D999753A25112F0500830A7A /* TCJPerson.m in Sources */ = {isa = PBXBuildFile; fileRef = D999753925112F0500830A7A /* TCJPerson.m */; };
		D999753D25112F3A00830A7A /* TCJStudent.m in Sources */ = {isa = PBXBuildFile; fileRef = D999753C25112F3A00830A7A /* TCJStudent.m */; };
/* End PBXBuildFile section */

/* Begin PBXFileReference section */
		D999751C25112E8900830A7A /* ① - KVC简介.app */ = {isa = PBXFileReference; explicitFileType = wrapper.application; includeInIndex = 0; path = "① - KVC简介.app"; sourceTree = BUILT_PRODUCTS_DIR; };
		D999751F25112E8900830A7A /* AppDelegate.h */ = {isa = PBXFileReference; lastKnownFileType = sourcecode.c.h; path = AppDelegate.h; sourceTree = "<group>"; };
		D999752025112E8900830A7A /* AppDelegate.m */ = {isa = PBXFileReference; lastKnownFileType = sourcecode.c.objc; path = AppDelegate.m; sourceTree = "<group>"; };
		D999752225112E8900830A7A /* SceneDelegate.h */ = {isa = PBXFileReference; lastKnownFileType = sourcecode.c.h; path = SceneDelegate.h; sourceTree = "<group>"; };
		D999752325112E8900830A7A /* SceneDelegate.m */ = {isa = PBXFileReference; lastKnownFileType = sourcecode.c.objc; path = SceneDelegate.m; sourceTree = "<group>"; };
		D999752525112E8900830A7A /* ViewController.h */ = {isa = PBXFileReference; lastKnownFileType = sourcecode.c.h; path = ViewController.h; sourceTree = "<group>"; };
		D999752625112E8900830A7A /* ViewController.m */ = {isa = PBXFileReference; lastKnownFileType = sourcecode.c.objc; path = ViewController.m; sourceTree = "<group>"; };
		D999752925112E8900830A7A /* Base */ = {isa = PBXFileReference; lastKnownFileType = file.storyboard; name = Base; path = Base.lproj/Main.storyboard; sourceTree = "<group>"; };
		D999752B25112E8E00830A7A /* Assets.xcassets */ = {isa = PBXFileReference; lastKnownFileType = folder.assetcatalog; path = Assets.xcassets; sourceTree = "<group>"; };
		D999752E25112E8E00830A7A /* Base */ = {isa = PBXFileReference; lastKnownFileType = file.storyboard; name = Base; path = Base.lproj/LaunchScreen.storyboard; sourceTree = "<group>"; };
		D999753025112E8E00830A7A /* Info.plist */ = {isa = PBXFileReference; lastKnownFileType = text.plist.xml; path = Info.plist; sourceTree = "<group>"; };
		D999753125112E8E00830A7A /* main.m */ = {isa = PBXFileReference; lastKnownFileType = sourcecode.c.objc; path = main.m; sourceTree = "<group>"; };
		D999753825112F0500830A7A /* TCJPerson.h */ = {isa = PBXFileReference; lastKnownFileType = sourcecode.c.h; path = TCJPerson.h; sourceTree = "<group>"; };
		D999753925112F0500830A7A /* TCJPerson.m */ = {isa = PBXFileReference; lastKnownFileType = sourcecode.c.objc; path = TCJPerson.m; sourceTree = "<group>"; };
		D999753B25112F3A00830A7A /* TCJStudent.h */ = {isa = PBXFileReference; lastKnownFileType = sourcecode.c.h; path = TCJStudent.h; sourceTree = "<group>"; };
		D999753C25112F3A00830A7A /* TCJStudent.m */ = {isa = PBXFileReference; lastKnownFileType = sourcecode.c.objc; path = TCJStudent.m; sourceTree = "<group>"; };
/* End PBXFileReference section */

/* Begin PBXFrameworksBuildPhase section */
		D999751925112E8900830A7A /* Frameworks */ = {
			isa = PBXFrameworksBuildPhase;
			buildActionMask = 2147483647;
			files = (
			);
			runOnlyForDeploymentPostprocessing = 0;
		};
/* End PBXFrameworksBuildPhase section */

/* Begin PBXGroup section */
		D999751325112E8900830A7A = {
			isa = PBXGroup;
			children = (
				D999751E25112E8900830A7A /* ① - KVC简介 */,
				D999751D25112E8900830A7A /* Products */,
			);
			sourceTree = "<group>";
		};
		D999751D25112E8900830A7A /* Products */ = {
			isa = PBXGroup;
			children = (
				D999751C25112E8900830A7A /* ① - KVC简介.app */,
			);
			name = Products;
			sourceTree = "<group>";
		};
		D999751E25112E8900830A7A /* ① - KVC简介 */ = {
			isa = PBXGroup;
			children = (
				D999751F25112E8900830A7A /* AppDelegate.h */,
				D999752025112E8900830A7A /* AppDelegate.m */,
				D999752225112E8900830A7A /* SceneDelegate.h */,
				D999752325112E8900830A7A /* SceneDelegate.m */,
				D999752525112E8900830A7A /* ViewController.h */,
				D999752625112E8900830A7A /* ViewController.m */,
				D999753825112F0500830A7A /* TCJPerson.h */,
				D999753925112F0500830A7A /* TCJPerson.m */,
				D999753B25112F3A00830A7A /* TCJStudent.h */,
				D999753C25112F3A00830A7A /* TCJStudent.m */,
				D999752825112E8900830A7A /* Main.storyboard */,
				D999752B25112E8E00830A7A /* Assets.xcassets */,
				D999752D25112E8E00830A7A /* LaunchScreen.storyboard */,
				D999753025112E8E00830A7A /* Info.plist */,
				D999753125112E8E00830A7A /* main.m */,
			);
			path = "① - KVC简介";
			sourceTree = "<group>";
		};
/* End PBXGroup section */

/* Begin PBXNativeTarget section */
		D999751B25112E8900830A7A /* ① - KVC简介 */ = {
			isa = PBXNativeTarget;
			buildConfigurationList = D999753525112E8E00830A7A /* Build configuration list for PBXNativeTarget "① - KVC简介" */;
			buildPhases = (
				D999751825112E8900830A7A /* Sources */,
				D999751925112E8900830A7A /* Frameworks */,
				D999751A25112E8900830A7A /* Resources */,
			);
			buildRules = (
			);
			dependencies = (
			);
			name = "① - KVC简介";
			productName = "① - KVC简介";
			productReference = D999751C25112E8900830A7A /* ① - KVC简介.app */;
			productType = "com.apple.product-type.application";
		};
/* End PBXNativeTarget section */

/* Begin PBXProject section */
		D999751425112E8900830A7A /* Project object */ = {
			isa = PBXProject;
			attributes = {
				CLASSPREFIX = TCJ;
				LastUpgradeCheck = 1170;
				ORGANIZATIONNAME = tangchangjiang;
				TargetAttributes = {
					D999751B25112E8900830A7A = {
						CreatedOnToolsVersion = 11.7;
					};
				};
			};
			buildConfigurationList = D999751725112E8900830A7A /* Build configuration list for PBXProject "① - KVC简介" */;
			compatibilityVersion = "Xcode 9.3";
			developmentRegion = en;
			hasScannedForEncodings = 0;
			knownRegions = (
				en,
				Base,
			);
			mainGroup = D999751325112E8900830A7A;
			productRefGroup = D999751D25112E8900830A7A /* Products */;
			projectDirPath = "";
			projectRoot = "";
			targets = (
				D999751B25112E8900830A7A /* ① - KVC简介 */,
			);
		};
/* End PBXProject section */

/* Begin PBXResourcesBuildPhase section */
		D999751A25112E8900830A7A /* Resources */ = {
			isa = PBXResourcesBuildPhase;
			buildActionMask = 2147483647;
			files = (
				D999752F25112E8E00830A7A /* LaunchScreen.storyboard in Resources */,
				D999752C25112E8E00830A7A /* Assets.xcassets in Resources */,
				D999752A25112E8900830A7A /* Main.storyboard in Resources */,
			);
			runOnlyForDeploymentPostprocessing = 0;
		};
/* End PBXResourcesBuildPhase section */

/* Begin PBXSourcesBuildPhase section */
		D999751825112E8900830A7A /* Sources */ = {
			isa = PBXSourcesBuildPhase;
			buildActionMask = 2147483647;
			files = (
				D999752725112E8900830A7A /* ViewController.m in Sources */,
				D999752125112E8900830A7A /* AppDelegate.m in Sources */,
				D999753225112E8E00830A7A /* main.m in Sources */,
				D999752425112E8900830A7A /* SceneDelegate.m in Sources */,
				D999753A25112F0500830A7A /* TCJPerson.m in Sources */,
				D999753D25112F3A00830A7A /* TCJStudent.m in Sources */,
			);
			runOnlyForDeploymentPostprocessing = 0;
		};
/* End PBXSourcesBuildPhase section */

/* Begin PBXVariantGroup section */
		D999752825112E8900830A7A /* Main.storyboard */ = {
			isa = PBXVariantGroup;
			children = (
				D999752925112E8900830A7A /* Base */,
			);
			name = Main.storyboard;
			sourceTree = "<group>";
		};
		D999752D25112E8E00830A7A /* LaunchScreen.storyboard */ = {
			isa = PBXVariantGroup;
			children = (
				D999752E25112E8E00830A7A /* Base */,
			);
			name = LaunchScreen.storyboard;
			sourceTree = "<group>";
		};
/* End PBXVariantGroup section */

/* Begin XCBuildConfiguration section */
		D999753325112E8E00830A7A /* Debug */ = {
			isa = XCBuildConfiguration;
			buildSettings = {
				ALWAYS_SEARCH_USER_PATHS = NO;
				CLANG_ANALYZER_NONNULL = YES;
				CLANG_ANALYZER_NUMBER_OBJECT_CONVERSION = YES_AGGRESSIVE;
				CLANG_CXX_LANGUAGE_STANDARD = "gnu++14";
				CLANG_CXX_LIBRARY = "libc++";
				CLANG_ENABLE_MODULES = YES;
				CLANG_ENABLE_OBJC_ARC = YES;
				CLANG_ENABLE_OBJC_WEAK = YES;
				CLANG_WARN_BLOCK_CAPTURE_AUTORELEASING = YES;
				CLANG_WARN_BOOL_CONVERSION = YES;
				CLANG_WARN_COMMA = YES;
				CLANG_WARN_CONSTANT_CONVERSION = YES;
				CLANG_WARN_DEPRECATED_OBJC_IMPLEMENTATIONS = YES;
				CLANG_WARN_DIRECT_OBJC_ISA_USAGE = YES_ERROR;
				CLANG_WARN_DOCUMENTATION_COMMENTS = YES;
				CLANG_WARN_EMPTY_BODY = YES;
				CLANG_WARN_ENUM_CONVERSION = YES;
				CLANG_WARN_INFINITE_RECURSION = YES;
				CLANG_WARN_INT_CONVERSION = YES;
				CLANG_WARN_NON_LITERAL_NULL_CONVERSION = YES;
				CLANG_WARN_OBJC_IMPLICIT_RETAIN_SELF = YES;
				CLANG_WARN_OBJC_LITERAL_CONVERSION = YES;
				CLANG_WARN_OBJC_ROOT_CLASS = YES_ERROR;
				CLANG_WARN_RANGE_LOOP_ANALYSIS = YES;
				CLANG_WARN_STRICT_PROTOTYPES = YES;
				CLANG_WARN_SUSPICIOUS_MOVE = YES;
				CLANG_WARN_UNGUARDED_AVAILABILITY = YES_AGGRESSIVE;
				CLANG_WARN_UNREACHABLE_CODE = YES;
				CLANG_WARN__DUPLICATE_METHOD_MATCH = YES;
				COPY_PHASE_STRIP = NO;
				DEBUG_INFORMATION_FORMAT = dwarf;
				ENABLE_STRICT_OBJC_MSGSEND = YES;
				ENABLE_TESTABILITY = YES;
				GCC_C_LANGUAGE_STANDARD = gnu11;
				GCC_DYNAMIC_NO_PIC = NO;
				GCC_NO_COMMON_BLOCKS = YES;
				GCC_OPTIMIZATION_LEVEL = 0;
				GCC_PREPROCESSOR_DEFINITIONS = (
					"DEBUG=1",
					"$(inherited)",
				);
				GCC_WARN_64_TO_32_BIT_CONVERSION = YES;
				GCC_WARN_ABOUT_RETURN_TYPE = YES_ERROR;
				GCC_WARN_UNDECLARED_SELECTOR = YES;
				GCC_WARN_UNINITIALIZED_AUTOS = YES_AGGRESSIVE;
				GCC_WARN_UNUSED_FUNCTION = YES;
				GCC_WARN_UNUSED_VARIABLE = YES;
				IPHONEOS_DEPLOYMENT_TARGET = 13.7;
				MTL_ENABLE_DEBUG_INFO = INCLUDE_SOURCE;
				MTL_FAST_MATH = YES;
				ONLY_ACTIVE_ARCH = YES;
				SDKROOT = iphoneos;
			};
			name = Debug;
		};
		D999753425112E8E00830A7A /* Release */ = {
			isa = XCBuildConfiguration;
			buildSettings = {
				ALWAYS_SEARCH_USER_PATHS = NO;
				CLANG_ANALYZER_NONNULL = YES;
				CLANG_ANALYZER_NUMBER_OBJECT_CONVERSION = YES_AGGRESSIVE;
				CLANG_CXX_LANGUAGE_STANDARD = "gnu++14";
				CLANG_CXX_LIBRARY = "libc++";
				CLANG_ENABLE_MODULES = YES;
				CLANG_ENABLE_OBJC_ARC = YES;
				CLANG_ENABLE_OBJC_WEAK = YES;
				CLANG_WARN_BLOCK_CAPTURE_AUTORELEASING = YES;
				CLANG_WARN_BOOL_CONVERSION = YES;
				CLANG_WARN_COMMA = YES;
				CLANG_WARN_CONSTANT_CONVERSION = YES;
				CLANG_WARN_DEPRECATED_OBJC_IMPLEMENTATIONS = YES;
				CLANG_WARN_DIRECT_OBJC_ISA_USAGE = YES_ERROR;
				CLANG_WARN_DOCUMENTATION_COMMENTS = YES;
				CLANG_WARN_EMPTY_BODY = YES;
				CLANG_WARN_ENUM_CONVERSION = YES;
				CLANG_WARN_INFINITE_RECURSION = YES;
				CLANG_WARN_INT_CONVERSION = YES;
				CLANG_WARN_NON_LITERAL_NULL_CONVERSION = YES;
				CLANG_WARN_OBJC_IMPLICIT_RETAIN_SELF = YES;
				CLANG_WARN_OBJC_LITERAL_CONVERSION = YES;
				CLANG_WARN_OBJC_ROOT_CLASS = YES_ERROR;
				CLANG_WARN_RANGE_LOOP_ANALYSIS = YES;
				CLANG_WARN_STRICT_PROTOTYPES = YES;
				CLANG_WARN_SUSPICIOUS_MOVE = YES;
				CLANG_WARN_UNGUARDED_AVAILABILITY = YES_AGGRESSIVE;
				CLANG_WARN_UNREACHABLE_CODE = YES;
				CLANG_WARN__DUPLICATE_METHOD_MATCH = YES;
				COPY_PHASE_STRIP = NO;
				DEBUG_INFORMATION_FORMAT = "dwarf-with-dsym";
				ENABLE_NS_ASSERTIONS = NO;
				ENABLE_STRICT_OBJC_MSGSEND = YES;
				GCC_C_LANGUAGE_STANDARD = gnu11;
				GCC_NO_COMMON_BLOCKS = YES;
				GCC_WARN_64_TO_32_BIT_CONVERSION = YES;
				GCC_WARN_ABOUT_RETURN_TYPE = YES_ERROR;
				GCC_WARN_UNDECLARED_SELECTOR = YES;
				GCC_WARN_UNINITIALIZED_AUTOS = YES_AGGRESSIVE;
				GCC_WARN_UNUSED_FUNCTION = YES;
				GCC_WARN_UNUSED_VARIABLE = YES;
				IPHONEOS_DEPLOYMENT_TARGET = 13.7;
				MTL_ENABLE_DEBUG_INFO = NO;
				MTL_FAST_MATH = YES;
				SDKROOT = iphoneos;
				VALIDATE_PRODUCT = YES;
			};
			name = Release;
		};
		D999753625112E8E00830A7A /* Debug */ = {
			isa = XCBuildConfiguration;
			buildSettings = {
				ASSETCATALOG_COMPILER_APPICON_NAME = AppIcon;
				CODE_SIGN_STYLE = Automatic;
				DEVELOPMENT_TEAM = ENDMT652BU;
				INFOPLIST_FILE = "① - KVC简介/Info.plist";
				LD_RUNPATH_SEARCH_PATHS = (
					"$(inherited)",
					"@executable_path/Frameworks",
				);
				PRODUCT_BUNDLE_IDENTIFIER = "com.Tcj88.----KVC--";
				PRODUCT_NAME = "$(TARGET_NAME)";
				TARGETED_DEVICE_FAMILY = "1,2";
			};
			name = Debug;
		};
		D999753725112E8E00830A7A /* Release */ = {
			isa = XCBuildConfiguration;
			buildSettings = {
				ASSETCATALOG_COMPILER_APPICON_NAME = AppIcon;
				CODE_SIGN_STYLE = Automatic;
				DEVELOPMENT_TEAM = ENDMT652BU;
				INFOPLIST_FILE = "① - KVC简介/Info.plist";
				LD_RUNPATH_SEARCH_PATHS = (
					"$(inherited)",
					"@executable_path/Frameworks",
				);
				PRODUCT_BUNDLE_IDENTIFIER = "com.Tcj88.----KVC--";
				PRODUCT_NAME = "$(TARGET_NAME)";
				TARGETED_DEVICE_FAMILY = "1,2";
			};
			name = Release;
		};
/* End XCBuildConfiguration section */

/* Begin XCConfigurationList section */
		D999751725112E8900830A7A /* Build configuration list for PBXProject "① - KVC简介" */ = {
			isa = XCConfigurationList;
			buildConfigurations = (
				D999753325112E8E00830A7A /* Debug */,
				D999753425112E8E00830A7A /* Release */,
			);
			defaultConfigurationIsVisible = 0;
			defaultConfigurationName = Release;
		};
		D999753525112E8E00830A7A /* Build configuration list for PBXNativeTarget "① - KVC简介" */ = {
			isa = XCConfigurationList;
			buildConfigurations = (
				D999753625112E8E00830A7A /* Debug */,
				D999753725112E8E00830A7A /* Release */,
			);
			defaultConfigurationIsVisible = 0;
			defaultConfigurationName = Release;
		};
/* End XCConfigurationList section */
	};
	rootObject = D999751425112E8900830A7A /* Project object */;
}
