// !$*UTF8*$!
{
	archiveVersion = 1;
	classes = {
	};
	objectVersion = 50;
	objects = {

/* Begin PBXBuildFile section */
		D98D2AC525D5CA620061B9B6 /* AppDelegate.m in Sources */ = {isa = PBXBuildFile; fileRef = D98D2AC425D5CA620061B9B6 /* AppDelegate.m */; };
		D98D2AC825D5CA620061B9B6 /* SceneDelegate.m in Sources */ = {isa = PBXBuildFile; fileRef = D98D2AC725D5CA620061B9B6 /* SceneDelegate.m */; };
		D98D2ACB25D5CA620061B9B6 /* ViewController.m in Sources */ = {isa = PBXBuildFile; fileRef = D98D2ACA25D5CA620061B9B6 /* ViewController.m */; };
		D98D2ACE25D5CA620061B9B6 /* Main.storyboard in Resources */ = {isa = PBXBuildFile; fileRef = D98D2ACC25D5CA620061B9B6 /* Main.storyboard */; };
		D98D2AD025D5CA660061B9B6 /* Assets.xcassets in Resources */ = {isa = PBXBuildFile; fileRef = D98D2ACF25D5CA660061B9B6 /* Assets.xcassets */; };
		D98D2AD325D5CA660061B9B6 /* LaunchScreen.storyboard in Resources */ = {isa = PBXBuildFile; fileRef = D98D2AD125D5CA660061B9B6 /* LaunchScreen.storyboard */; };
		D98D2AD625D5CA660061B9B6 /* main.m in Sources */ = {isa = PBXBuildFile; fileRef = D98D2AD525D5CA660061B9B6 /* main.m */; };
		EDC344C0534DA91AB893B3D0 /* Pods_PodsTest.framework in Frameworks */ = {isa = PBXBuildFile; fileRef = 50B1FCDD94D70BF4456C2E58 /* Pods_PodsTest.framework */; };
/* End PBXBuildFile section */

/* Begin PBXFileReference section */
		50B1FCDD94D70BF4456C2E58 /* Pods_PodsTest.framework */ = {isa = PBXFileReference; explicitFileType = wrapper.framework; includeInIndex = 0; path = Pods_PodsTest.framework; sourceTree = BUILT_PRODUCTS_DIR; };
		586757A9CD26A8A07A1EF358 /* Pods-PodsTest.debug.xcconfig */ = {isa = PBXFileReference; includeInIndex = 1; lastKnownFileType = text.xcconfig; name = "Pods-PodsTest.debug.xcconfig"; path = "Target Support Files/Pods-PodsTest/Pods-PodsTest.debug.xcconfig"; sourceTree = "<group>"; };
		68E2C16DE3DBBDD97A5C45D6 /* Pods-PodsTest.release.xcconfig */ = {isa = PBXFileReference; includeInIndex = 1; lastKnownFileType = text.xcconfig; name = "Pods-PodsTest.release.xcconfig"; path = "Target Support Files/Pods-PodsTest/Pods-PodsTest.release.xcconfig"; sourceTree = "<group>"; };
		D98D2AC025D5CA620061B9B6 /* PodsTest.app */ = {isa = PBXFileReference; explicitFileType = wrapper.application; includeInIndex = 0; path = PodsTest.app; sourceTree = BUILT_PRODUCTS_DIR; };
		D98D2AC325D5CA620061B9B6 /* AppDelegate.h */ = {isa = PBXFileReference; lastKnownFileType = sourcecode.c.h; path = AppDelegate.h; sourceTree = "<group>"; };
		D98D2AC425D5CA620061B9B6 /* AppDelegate.m */ = {isa = PBXFileReference; lastKnownFileType = sourcecode.c.objc; path = AppDelegate.m; sourceTree = "<group>"; };
		D98D2AC625D5CA620061B9B6 /* SceneDelegate.h */ = {isa = PBXFileReference; lastKnownFileType = sourcecode.c.h; path = SceneDelegate.h; sourceTree = "<group>"; };
		D98D2AC725D5CA620061B9B6 /* SceneDelegate.m */ = {isa = PBXFileReference; lastKnownFileType = sourcecode.c.objc; path = SceneDelegate.m; sourceTree = "<group>"; };
		D98D2AC925D5CA620061B9B6 /* ViewController.h */ = {isa = PBXFileReference; lastKnownFileType = sourcecode.c.h; path = ViewController.h; sourceTree = "<group>"; };
		D98D2ACA25D5CA620061B9B6 /* ViewController.m */ = {isa = PBXFileReference; lastKnownFileType = sourcecode.c.objc; path = ViewController.m; sourceTree = "<group>"; };
		D98D2ACD25D5CA620061B9B6 /* Base */ = {isa = PBXFileReference; lastKnownFileType = file.storyboard; name = Base; path = Base.lproj/Main.storyboard; sourceTree = "<group>"; };
		D98D2ACF25D5CA660061B9B6 /* Assets.xcassets */ = {isa = PBXFileReference; lastKnownFileType = folder.assetcatalog; path = Assets.xcassets; sourceTree = "<group>"; };
		D98D2AD225D5CA660061B9B6 /* Base */ = {isa = PBXFileReference; lastKnownFileType = file.storyboard; name = Base; path = Base.lproj/LaunchScreen.storyboard; sourceTree = "<group>"; };
		D98D2AD425D5CA660061B9B6 /* Info.plist */ = {isa = PBXFileReference; lastKnownFileType = text.plist.xml; path = Info.plist; sourceTree = "<group>"; };
		D98D2AD525D5CA660061B9B6 /* main.m */ = {isa = PBXFileReference; lastKnownFileType = sourcecode.c.objc; path = main.m; sourceTree = "<group>"; };
/* End PBXFileReference section */

/* Begin PBXFrameworksBuildPhase section */
		D98D2ABD25D5CA620061B9B6 /* Frameworks */ = {
			isa = PBXFrameworksBuildPhase;
			buildActionMask = 2147483647;
			files = (
				EDC344C0534DA91AB893B3D0 /* Pods_PodsTest.framework in Frameworks */,
			);
			runOnlyForDeploymentPostprocessing = 0;
		};
/* End PBXFrameworksBuildPhase section */

/* Begin PBXGroup section */
		A238A7C438F027F76C62F2E0 /* Frameworks */ = {
			isa = PBXGroup;
			children = (
				50B1FCDD94D70BF4456C2E58 /* Pods_PodsTest.framework */,
			);
			name = Frameworks;
			sourceTree = "<group>";
		};
		BB0781CEF1D4A600B62E3FFF /* Pods */ = {
			isa = PBXGroup;
			children = (
				586757A9CD26A8A07A1EF358 /* Pods-PodsTest.debug.xcconfig */,
				68E2C16DE3DBBDD97A5C45D6 /* Pods-PodsTest.release.xcconfig */,
			);
			name = Pods;
			path = Pods;
			sourceTree = "<group>";
		};
		D98D2AB725D5CA620061B9B6 = {
			isa = PBXGroup;
			children = (
				D98D2AC225D5CA620061B9B6 /* PodsTest */,
				D98D2AC125D5CA620061B9B6 /* Products */,
				BB0781CEF1D4A600B62E3FFF /* Pods */,
				A238A7C438F027F76C62F2E0 /* Frameworks */,
			);
			sourceTree = "<group>";
		};
		D98D2AC125D5CA620061B9B6 /* Products */ = {
			isa = PBXGroup;
			children = (
				D98D2AC025D5CA620061B9B6 /* PodsTest.app */,
			);
			name = Products;
			sourceTree = "<group>";
		};
		D98D2AC225D5CA620061B9B6 /* PodsTest */ = {
			isa = PBXGroup;
			children = (
				D98D2AC325D5CA620061B9B6 /* AppDelegate.h */,
				D98D2AC425D5CA620061B9B6 /* AppDelegate.m */,
				D98D2AC625D5CA620061B9B6 /* SceneDelegate.h */,
				D98D2AC725D5CA620061B9B6 /* SceneDelegate.m */,
				D98D2AC925D5CA620061B9B6 /* ViewController.h */,
				D98D2ACA25D5CA620061B9B6 /* ViewController.m */,
				D98D2ACC25D5CA620061B9B6 /* Main.storyboard */,
				D98D2ACF25D5CA660061B9B6 /* Assets.xcassets */,
				D98D2AD125D5CA660061B9B6 /* LaunchScreen.storyboard */,
				D98D2AD425D5CA660061B9B6 /* Info.plist */,
				D98D2AD525D5CA660061B9B6 /* main.m */,
			);
			path = PodsTest;
			sourceTree = "<group>";
		};
/* End PBXGroup section */

/* Begin PBXNativeTarget section */
		D98D2ABF25D5CA620061B9B6 /* PodsTest */ = {
			isa = PBXNativeTarget;
			buildConfigurationList = D98D2AD925D5CA660061B9B6 /* Build configuration list for PBXNativeTarget "PodsTest" */;
			buildPhases = (
				320FC79DCE561D81E7FF8613 /* [CP] Check Pods Manifest.lock */,
				D98D2ABC25D5CA620061B9B6 /* Sources */,
				D98D2ABD25D5CA620061B9B6 /* Frameworks */,
				D98D2ABE25D5CA620061B9B6 /* Resources */,
				8D0809671B77734E0F419156 /* [CP] Embed Pods Frameworks */,
			);
			buildRules = (
			);
			dependencies = (
			);
			name = PodsTest;
			productName = PodsTest;
			productReference = D98D2AC025D5CA620061B9B6 /* PodsTest.app */;
			productType = "com.apple.product-type.application";
		};
/* End PBXNativeTarget section */

/* Begin PBXProject section */
		D98D2AB825D5CA620061B9B6 /* Project object */ = {
			isa = PBXProject;
			attributes = {
				LastUpgradeCheck = 1240;
				TargetAttributes = {
					D98D2ABF25D5CA620061B9B6 = {
						CreatedOnToolsVersion = 12.4;
					};
				};
			};
			buildConfigurationList = D98D2ABB25D5CA620061B9B6 /* Build configuration list for PBXProject "PodsTest" */;
			compatibilityVersion = "Xcode 9.3";
			developmentRegion = en;
			hasScannedForEncodings = 0;
			knownRegions = (
				en,
				Base,
			);
			mainGroup = D98D2AB725D5CA620061B9B6;
			productRefGroup = D98D2AC125D5CA620061B9B6 /* Products */;
			projectDirPath = "";
			projectRoot = "";
			targets = (
				D98D2ABF25D5CA620061B9B6 /* PodsTest */,
			);
		};
/* End PBXProject section */

/* Begin PBXResourcesBuildPhase section */
		D98D2ABE25D5CA620061B9B6 /* Resources */ = {
			isa = PBXResourcesBuildPhase;
			buildActionMask = 2147483647;
			files = (
				D98D2AD325D5CA660061B9B6 /* LaunchScreen.storyboard in Resources */,
				D98D2AD025D5CA660061B9B6 /* Assets.xcassets in Resources */,
				D98D2ACE25D5CA620061B9B6 /* Main.storyboard in Resources */,
			);
			runOnlyForDeploymentPostprocessing = 0;
		};
/* End PBXResourcesBuildPhase section */

/* Begin PBXShellScriptBuildPhase section */
		320FC79DCE561D81E7FF8613 /* [CP] Check Pods Manifest.lock */ = {
			isa = PBXShellScriptBuildPhase;
			buildActionMask = 2147483647;
			files = (
			);
			inputFileListPaths = (
			);
			inputPaths = (
				"${PODS_PODFILE_DIR_PATH}/Podfile.lock",
				"${PODS_ROOT}/Manifest.lock",
			);
			name = "[CP] Check Pods Manifest.lock";
			outputFileListPaths = (
			);
			outputPaths = (
				"$(DERIVED_FILE_DIR)/Pods-PodsTest-checkManifestLockResult.txt",
			);
			runOnlyForDeploymentPostprocessing = 0;
			shellPath = /bin/sh;
			shellScript = "diff \"${PODS_PODFILE_DIR_PATH}/Podfile.lock\" \"${PODS_ROOT}/Manifest.lock\" > /dev/null\nif [ $? != 0 ] ; then\n    # print error to STDERR\n    echo \"error: The sandbox is not in sync with the Podfile.lock. Run 'pod install' or update your CocoaPods installation.\" >&2\n    exit 1\nfi\n# This output is used by Xcode 'outputs' to avoid re-running this script phase.\necho \"SUCCESS\" > \"${SCRIPT_OUTPUT_FILE_0}\"\n";
			showEnvVarsInLog = 0;
		};
		8D0809671B77734E0F419156 /* [CP] Embed Pods Frameworks */ = {
			isa = PBXShellScriptBuildPhase;
			buildActionMask = 2147483647;
			files = (
			);
			inputFileListPaths = (
				"${PODS_ROOT}/Target Support Files/Pods-PodsTest/Pods-PodsTest-frameworks-${CONFIGURATION}-input-files.xcfilelist",
			);
			name = "[CP] Embed Pods Frameworks";
			outputFileListPaths = (
				"${PODS_ROOT}/Target Support Files/Pods-PodsTest/Pods-PodsTest-frameworks-${CONFIGURATION}-output-files.xcfilelist",
			);
			runOnlyForDeploymentPostprocessing = 0;
			shellPath = /bin/sh;
			shellScript = "\"${PODS_ROOT}/Target Support Files/Pods-PodsTest/Pods-PodsTest-frameworks.sh\"\n";
			showEnvVarsInLog = 0;
		};
/* End PBXShellScriptBuildPhase section */

/* Begin PBXSourcesBuildPhase section */
		D98D2ABC25D5CA620061B9B6 /* Sources */ = {
			isa = PBXSourcesBuildPhase;
			buildActionMask = 2147483647;
			files = (
				D98D2ACB25D5CA620061B9B6 /* ViewController.m in Sources */,
				D98D2AC525D5CA620061B9B6 /* AppDelegate.m in Sources */,
				D98D2AD625D5CA660061B9B6 /* main.m in Sources */,
				D98D2AC825D5CA620061B9B6 /* SceneDelegate.m in Sources */,
			);
			runOnlyForDeploymentPostprocessing = 0;
		};
/* End PBXSourcesBuildPhase section */

/* Begin PBXVariantGroup section */
		D98D2ACC25D5CA620061B9B6 /* Main.storyboard */ = {
			isa = PBXVariantGroup;
			children = (
				D98D2ACD25D5CA620061B9B6 /* Base */,
			);
			name = Main.storyboard;
			sourceTree = "<group>";
		};
		D98D2AD125D5CA660061B9B6 /* LaunchScreen.storyboard */ = {
			isa = PBXVariantGroup;
			children = (
				D98D2AD225D5CA660061B9B6 /* Base */,
			);
			name = LaunchScreen.storyboard;
			sourceTree = "<group>";
		};
/* End PBXVariantGroup section */

/* Begin XCBuildConfiguration section */
		D98D2AD725D5CA660061B9B6 /* Debug */ = {
			isa = XCBuildConfiguration;
			buildSettings = {
				ALWAYS_SEARCH_USER_PATHS = NO;
				CLANG_ANALYZER_NONNULL = YES;
				CLANG_ANALYZER_NUMBER_OBJECT_CONVERSION = YES_AGGRESSIVE;
				CLANG_CXX_LANGUAGE_STANDARD = "gnu++14";
				CLANG_CXX_LIBRARY = "libc++";
				CLANG_ENABLE_MODULES = YES;
				CLANG_ENABLE_OBJC_ARC = YES;
				CLANG_ENABLE_OBJC_WEAK = YES;
				CLANG_WARN_BLOCK_CAPTURE_AUTORELEASING = YES;
				CLANG_WARN_BOOL_CONVERSION = YES;
				CLANG_WARN_COMMA = YES;
				CLANG_WARN_CONSTANT_CONVERSION = YES;
				CLANG_WARN_DEPRECATED_OBJC_IMPLEMENTATIONS = YES;
				CLANG_WARN_DIRECT_OBJC_ISA_USAGE = YES_ERROR;
				CLANG_WARN_DOCUMENTATION_COMMENTS = YES;
				CLANG_WARN_EMPTY_BODY = YES;
				CLANG_WARN_ENUM_CONVERSION = YES;
				CLANG_WARN_INFINITE_RECURSION = YES;
				CLANG_WARN_INT_CONVERSION = YES;
				CLANG_WARN_NON_LITERAL_NULL_CONVERSION = YES;
				CLANG_WARN_OBJC_IMPLICIT_RETAIN_SELF = YES;
				CLANG_WARN_OBJC_LITERAL_CONVERSION = YES;
				CLANG_WARN_OBJC_ROOT_CLASS = YES_ERROR;
				CLANG_WARN_QUOTED_INCLUDE_IN_FRAMEWORK_HEADER = YES;
				CLANG_WARN_RANGE_LOOP_ANALYSIS = YES;
				CLANG_WARN_STRICT_PROTOTYPES = YES;
				CLANG_WARN_SUSPICIOUS_MOVE = YES;
				CLANG_WARN_UNGUARDED_AVAILABILITY = YES_AGGRESSIVE;
				CLANG_WARN_UNREACHABLE_CODE = YES;
				CLANG_WARN__DUPLICATE_METHOD_MATCH = YES;
				COPY_PHASE_STRIP = NO;
				DEBUG_INFORMATION_FORMAT = dwarf;
				ENABLE_STRICT_OBJC_MSGSEND = YES;
				ENABLE_TESTABILITY = YES;
				GCC_C_LANGUAGE_STANDARD = gnu11;
				GCC_DYNAMIC_NO_PIC = NO;
				GCC_NO_COMMON_BLOCKS = YES;
				GCC_OPTIMIZATION_LEVEL = 0;
				GCC_PREPROCESSOR_DEFINITIONS = (
					"DEBUG=1",
					"$(inherited)",
				);
				GCC_WARN_64_TO_32_BIT_CONVERSION = YES;
				GCC_WARN_ABOUT_RETURN_TYPE = YES_ERROR;
				GCC_WARN_UNDECLARED_SELECTOR = YES;
				GCC_WARN_UNINITIALIZED_AUTOS = YES_AGGRESSIVE;
				GCC_WARN_UNUSED_FUNCTION = YES;
				GCC_WARN_UNUSED_VARIABLE = YES;
				IPHONEOS_DEPLOYMENT_TARGET = 14.4;
				MTL_ENABLE_DEBUG_INFO = INCLUDE_SOURCE;
				MTL_FAST_MATH = YES;
				ONLY_ACTIVE_ARCH = YES;
				SDKROOT = iphoneos;
			};
			name = Debug;
		};
		D98D2AD825D5CA660061B9B6 /* Release */ = {
			isa = XCBuildConfiguration;
			buildSettings = {
				ALWAYS_SEARCH_USER_PATHS = NO;
				CLANG_ANALYZER_NONNULL = YES;
				CLANG_ANALYZER_NUMBER_OBJECT_CONVERSION = YES_AGGRESSIVE;
				CLANG_CXX_LANGUAGE_STANDARD = "gnu++14";
				CLANG_CXX_LIBRARY = "libc++";
				CLANG_ENABLE_MODULES = YES;
				CLANG_ENABLE_OBJC_ARC = YES;
				CLANG_ENABLE_OBJC_WEAK = YES;
				CLANG_WARN_BLOCK_CAPTURE_AUTORELEASING = YES;
				CLANG_WARN_BOOL_CONVERSION = YES;
				CLANG_WARN_COMMA = YES;
				CLANG_WARN_CONSTANT_CONVERSION = YES;
				CLANG_WARN_DEPRECATED_OBJC_IMPLEMENTATIONS = YES;
				CLANG_WARN_DIRECT_OBJC_ISA_USAGE = YES_ERROR;
				CLANG_WARN_DOCUMENTATION_COMMENTS = YES;
				CLANG_WARN_EMPTY_BODY = YES;
				CLANG_WARN_ENUM_CONVERSION = YES;
				CLANG_WARN_INFINITE_RECURSION = YES;
				CLANG_WARN_INT_CONVERSION = YES;
				CLANG_WARN_NON_LITERAL_NULL_CONVERSION = YES;
				CLANG_WARN_OBJC_IMPLICIT_RETAIN_SELF = YES;
				CLANG_WARN_OBJC_LITERAL_CONVERSION = YES;
				CLANG_WARN_OBJC_ROOT_CLASS = YES_ERROR;
				CLANG_WARN_QUOTED_INCLUDE_IN_FRAMEWORK_HEADER = YES;
				CLANG_WARN_RANGE_LOOP_ANALYSIS = YES;
				CLANG_WARN_STRICT_PROTOTYPES = YES;
				CLANG_WARN_SUSPICIOUS_MOVE = YES;
				CLANG_WARN_UNGUARDED_AVAILABILITY = YES_AGGRESSIVE;
				CLANG_WARN_UNREACHABLE_CODE = YES;
				CLANG_WARN__DUPLICATE_METHOD_MATCH = YES;
				COPY_PHASE_STRIP = NO;
				DEBUG_INFORMATION_FORMAT = "dwarf-with-dsym";
				ENABLE_NS_ASSERTIONS = NO;
				ENABLE_STRICT_OBJC_MSGSEND = YES;
				GCC_C_LANGUAGE_STANDARD = gnu11;
				GCC_NO_COMMON_BLOCKS = YES;
				GCC_WARN_64_TO_32_BIT_CONVERSION = YES;
				GCC_WARN_ABOUT_RETURN_TYPE = YES_ERROR;
				GCC_WARN_UNDECLARED_SELECTOR = YES;
				GCC_WARN_UNINITIALIZED_AUTOS = YES_AGGRESSIVE;
				GCC_WARN_UNUSED_FUNCTION = YES;
				GCC_WARN_UNUSED_VARIABLE = YES;
				IPHONEOS_DEPLOYMENT_TARGET = 14.4;
				MTL_ENABLE_DEBUG_INFO = NO;
				MTL_FAST_MATH = YES;
				SDKROOT = iphoneos;
				VALIDATE_PRODUCT = YES;
			};
			name = Release;
		};
		D98D2ADA25D5CA660061B9B6 /* Debug */ = {
			isa = XCBuildConfiguration;
			baseConfigurationReference = 586757A9CD26A8A07A1EF358 /* Pods-PodsTest.debug.xcconfig */;
			buildSettings = {
				ASSETCATALOG_COMPILER_APPICON_NAME = AppIcon;
				ASSETCATALOG_COMPILER_GLOBAL_ACCENT_COLOR_NAME = AccentColor;
				CODE_SIGN_STYLE = Automatic;
				INFOPLIST_FILE = PodsTest/Info.plist;
				LD_RUNPATH_SEARCH_PATHS = (
					"$(inherited)",
					"@executable_path/Frameworks",
				);
				PRODUCT_BUNDLE_IDENTIFIER = com.Tcj88.PodsTest;
				PRODUCT_NAME = "$(TARGET_NAME)";
				TARGETED_DEVICE_FAMILY = "1,2";
			};
			name = Debug;
		};
		D98D2ADB25D5CA660061B9B6 /* Release */ = {
			isa = XCBuildConfiguration;
			baseConfigurationReference = 68E2C16DE3DBBDD97A5C45D6 /* Pods-PodsTest.release.xcconfig */;
			buildSettings = {
				ASSETCATALOG_COMPILER_APPICON_NAME = AppIcon;
				ASSETCATALOG_COMPILER_GLOBAL_ACCENT_COLOR_NAME = AccentColor;
				CODE_SIGN_STYLE = Automatic;
				INFOPLIST_FILE = PodsTest/Info.plist;
				LD_RUNPATH_SEARCH_PATHS = (
					"$(inherited)",
					"@executable_path/Frameworks",
				);
				PRODUCT_BUNDLE_IDENTIFIER = com.Tcj88.PodsTest;
				PRODUCT_NAME = "$(TARGET_NAME)";
				TARGETED_DEVICE_FAMILY = "1,2";
			};
			name = Release;
		};
/* End XCBuildConfiguration section */

/* Begin XCConfigurationList section */
		D98D2ABB25D5CA620061B9B6 /* Build configuration list for PBXProject "PodsTest" */ = {
			isa = XCConfigurationList;
			buildConfigurations = (
				D98D2AD725D5CA660061B9B6 /* Debug */,
				D98D2AD825D5CA660061B9B6 /* Release */,
			);
			defaultConfigurationIsVisible = 0;
			defaultConfigurationName = Release;
		};
		D98D2AD925D5CA660061B9B6 /* Build configuration list for PBXNativeTarget "PodsTest" */ = {
			isa = XCConfigurationList;
			buildConfigurations = (
				D98D2ADA25D5CA660061B9B6 /* Debug */,
				D98D2ADB25D5CA660061B9B6 /* Release */,
			);
			defaultConfigurationIsVisible = 0;
			defaultConfigurationName = Release;
		};
/* End XCConfigurationList section */
	};
	rootObject = D98D2AB825D5CA620061B9B6 /* Project object */;
}
